
Microsoft Visual Studio Solution File, Format Version 11.00
# Visual Studio 2010
Project("{2150E333-8FDC-42A3-9474-1A3956D46DE8}") = "porting", "porting", "{EA0EA3A0-4EF8-4A8D-AF3E-ADBC4C125330}"
EndProject
Project("{FAE04EC0-301F-11D3-BF4B-00C04F79EFBC}") = "test.xunit.extensions-silverlight4", "test.xunit.extensions-silverlight\test.xunit.extensions-silverlight4.csproj", "{69CB6D8F-5984-4D00-8AA3-4D9B10A7A5D7}"
EndProject
Project("{FAE04EC0-301F-11D3-BF4B-00C04F79EFBC}") = "UnitTesting", "external\Infrastructure\TestFramework\UnitTesting.csproj", "{FBACE883-73A3-45C6-BDBF-72C34EF57334}"
EndProject
Project("{2150E333-8FDC-42A3-9474-1A3956D46DE8}") = "UnitTestingFramework", "UnitTestingFramework", "{6B2C44E6-5708-445F-942A-479209C3D186}"
EndProject
Project("{FAE04EC0-301F-11D3-BF4B-00C04F79EFBC}") = "test.utility-silverlight4", "test.utility-silverlight\test.utility-silverlight4.csproj", "{C9987B2C-C1FD-4C48-8032-35447112C691}"
EndProject
Project("{FAE04EC0-301F-11D3-BF4B-00C04F79EFBC}") = "test.xunit-silverlight4", "test.xunit-silverlight\test.xunit-silverlight4.csproj", "{924DCEC0-6F3C-462B-AEEA-C85FE6C918FA}"
EndProject
Project("{FAE04EC0-301F-11D3-BF4B-00C04F79EFBC}") = "xunit-silverlight4", "xunit-silverlight\xunit-silverlight4.csproj", "{18B5E1CC-E5BB-483E-A125-080DEEB48B3A}"
EndProject
Project("{FAE04EC0-301F-11D3-BF4B-00C04F79EFBC}") = "xunit.extensions-silverlight4", "xunit.extensions-silverlight\xunit.extensions-silverlight4.csproj", "{3D972E64-436A-4F46-97CE-056A6AA88DDC}"
EndProject
Project("{2150E333-8FDC-42A3-9474-1A3956D46DE8}") = "testing", "testing", "{720D4481-34E9-4F5D-B35F-1AFBC6283BEC}"
EndProject
Project("{FAE04EC0-301F-11D3-BF4B-00C04F79EFBC}") = "test-all-silverlight4", "test-all-silverlight\test-all-silverlight4.csproj", "{4D11289A-7AFA-4313-9814-3BE16CC6B9C5}"
EndProject
Project("{FAE04EC0-301F-11D3-BF4B-00C04F79EFBC}") = "test.xunitcontrib.runner.silverlight.toolkit.manual-sl4", "test.xunitcontrib.runner.silverlight.toolkit.manual\test.xunitcontrib.runner.silverlight.toolkit.manual-sl4.csproj", "{2A25373F-BD65-479A-8330-354902DD4BB2}"
EndProject
Project("{FAE04EC0-301F-11D3-BF4B-00C04F79EFBC}") = "xunitcontrib.runner.silverlight.toolkit-sl4", "xunitcontrib.runner.silverlight.toolkit\xunitcontrib.runner.silverlight.toolkit-sl4.csproj", "{AF4F8772-ADC0-4FEC-85ED-52BF9025F07D}"
EndProject
Global
	GlobalSection(SolutionConfigurationPlatforms) = preSolution
		Debug|Any CPU = Debug|Any CPU
		Release|Any CPU = Release|Any CPU
	EndGlobalSection
	GlobalSection(ProjectConfigurationPlatforms) = postSolution
		{69CB6D8F-5984-4D00-8AA3-4D9B10A7A5D7}.Debug|Any CPU.ActiveCfg = Debug|Any CPU
		{69CB6D8F-5984-4D00-8AA3-4D9B10A7A5D7}.Debug|Any CPU.Build.0 = Debug|Any CPU
		{69CB6D8F-5984-4D00-8AA3-4D9B10A7A5D7}.Release|Any CPU.ActiveCfg = Release|Any CPU
		{69CB6D8F-5984-4D00-8AA3-4D9B10A7A5D7}.Release|Any CPU.Build.0 = Release|Any CPU
		{FBACE883-73A3-45C6-BDBF-72C34EF57334}.Debug|Any CPU.ActiveCfg = Debug|Any CPU
		{FBACE883-73A3-45C6-BDBF-72C34EF57334}.Debug|Any CPU.Build.0 = Debug|Any CPU
		{FBACE883-73A3-45C6-BDBF-72C34EF57334}.Release|Any CPU.ActiveCfg = Release|Any CPU
		{FBACE883-73A3-45C6-BDBF-72C34EF57334}.Release|Any CPU.Build.0 = Release|Any CPU
		{C9987B2C-C1FD-4C48-8032-35447112C691}.Debug|Any CPU.ActiveCfg = Debug|Any CPU
		{C9987B2C-C1FD-4C48-8032-35447112C691}.Debug|Any CPU.Build.0 = Debug|Any CPU
		{C9987B2C-C1FD-4C48-8032-35447112C691}.Release|Any CPU.ActiveCfg = Release|Any CPU
		{C9987B2C-C1FD-4C48-8032-35447112C691}.Release|Any CPU.Build.0 = Release|Any CPU
		{924DCEC0-6F3C-462B-AEEA-C85FE6C918FA}.Debug|Any CPU.ActiveCfg = Debug|Any CPU
		{924DCEC0-6F3C-462B-AEEA-C85FE6C918FA}.Debug|Any CPU.Build.0 = Debug|Any CPU
		{924DCEC0-6F3C-462B-AEEA-C85FE6C918FA}.Release|Any CPU.ActiveCfg = Release|Any CPU
		{924DCEC0-6F3C-462B-AEEA-C85FE6C918FA}.Release|Any CPU.Build.0 = Release|Any CPU
		{18B5E1CC-E5BB-483E-A125-080DEEB48B3A}.Debug|Any CPU.ActiveCfg = Debug|Any CPU
		{18B5E1CC-E5BB-483E-A125-080DEEB48B3A}.Debug|Any CPU.Build.0 = Debug|Any CPU
		{18B5E1CC-E5BB-483E-A125-080DEEB48B3A}.Release|Any CPU.ActiveCfg = Release|Any CPU
		{18B5E1CC-E5BB-483E-A125-080DEEB48B3A}.Release|Any CPU.Build.0 = Release|Any CPU
		{3D972E64-436A-4F46-97CE-056A6AA88DDC}.Debug|Any CPU.ActiveCfg = Debug|Any CPU
		{3D972E64-436A-4F46-97CE-056A6AA88DDC}.Debug|Any CPU.Build.0 = Debug|Any CPU
		{3D972E64-436A-4F46-97CE-056A6AA88DDC}.Release|Any CPU.ActiveCfg = Release|Any CPU
		{3D972E64-436A-4F46-97CE-056A6AA88DDC}.Release|Any CPU.Build.0 = Release|Any CPU
		{4D11289A-7AFA-4313-9814-3BE16CC6B9C5}.Debug|Any CPU.ActiveCfg = Debug|Any CPU
		{4D11289A-7AFA-4313-9814-3BE16CC6B9C5}.Debug|Any CPU.Build.0 = Debug|Any CPU
		{4D11289A-7AFA-4313-9814-3BE16CC6B9C5}.Release|Any CPU.ActiveCfg = Release|Any CPU
		{4D11289A-7AFA-4313-9814-3BE16CC6B9C5}.Release|Any CPU.Build.0 = Release|Any CPU
		{2A25373F-BD65-479A-8330-354902DD4BB2}.Debug|Any CPU.ActiveCfg = Debug|Any CPU
		{2A25373F-BD65-479A-8330-354902DD4BB2}.Debug|Any CPU.Build.0 = Debug|Any CPU
		{2A25373F-BD65-479A-8330-354902DD4BB2}.Release|Any CPU.ActiveCfg = Release|Any CPU
		{2A25373F-BD65-479A-8330-354902DD4BB2}.Release|Any CPU.Build.0 = Release|Any CPU
		{AF4F8772-ADC0-4FEC-85ED-52BF9025F07D}.Debug|Any CPU.ActiveCfg = Debug|Any CPU
		{AF4F8772-ADC0-4FEC-85ED-52BF9025F07D}.Debug|Any CPU.Build.0 = Debug|Any CPU
		{AF4F8772-ADC0-4FEC-85ED-52BF9025F07D}.Release|Any CPU.ActiveCfg = Release|Any CPU
		{AF4F8772-ADC0-4FEC-85ED-52BF9025F07D}.Release|Any CPU.Build.0 = Release|Any CPU
	EndGlobalSection
	GlobalSection(SolutionProperties) = preSolution
		HideSolutionNode = FALSE
	EndGlobalSection
	GlobalSection(NestedProjects) = preSolution
		{69CB6D8F-5984-4D00-8AA3-4D9B10A7A5D7} = {EA0EA3A0-4EF8-4A8D-AF3E-ADBC4C125330}
		{C9987B2C-C1FD-4C48-8032-35447112C691} = {EA0EA3A0-4EF8-4A8D-AF3E-ADBC4C125330}
		{924DCEC0-6F3C-462B-AEEA-C85FE6C918FA} = {EA0EA3A0-4EF8-4A8D-AF3E-ADBC4C125330}
		{18B5E1CC-E5BB-483E-A125-080DEEB48B3A} = {EA0EA3A0-4EF8-4A8D-AF3E-ADBC4C125330}
		{3D972E64-436A-4F46-97CE-056A6AA88DDC} = {EA0EA3A0-4EF8-4A8D-AF3E-ADBC4C125330}
		{FBACE883-73A3-45C6-BDBF-72C34EF57334} = {6B2C44E6-5708-445F-942A-479209C3D186}
		{4D11289A-7AFA-4313-9814-3BE16CC6B9C5} = {720D4481-34E9-4F5D-B35F-1AFBC6283BEC}
		{2A25373F-BD65-479A-8330-354902DD4BB2} = {720D4481-34E9-4F5D-B35F-1AFBC6283BEC}
	EndGlobalSection
EndGlobal
