
Microsoft Visual Studio Solution File, Format Version 10.00
# Visual Studio 2008
Project("{2150E333-8FDC-42A3-9474-1A3956D46DE8}") = "Solution Items", "Solution Items", "{7C834612-8F96-4F3F-8802-0CEA6C0845A4}"
	ProjectSection(SolutionItems) = preProject
		resharper\Notes.txt = resharper\Notes.txt
	EndProjectSection
EndProject
Project("{2150E333-8FDC-42A3-9474-1A3956D46DE8}") = "xunitcontrib.runner.resharper.4.1", "xunitcontrib.runner.resharper.4.1", "{7BB820D4-DB73-4486-AA8F-4D2F1839352D}"
EndProject
Project("{2150E333-8FDC-42A3-9474-1A3956D46DE8}") = "xunitcontrib.runner.resharper.4.5", "xunitcontrib.runner.resharper.4.5", "{B69C3161-3DDD-4EF4-8CB5-B73EC51267D7}"
EndProject
Project("{FAE04EC0-301F-11D3-BF4B-00C04F79EFBC}") = "xunitcontrib.runner.resharper.provider.4.1", "resharper\xunitcontrib.runner.resharper.provider.4.1\xunitcontrib.runner.resharper.provider.4.1.csproj", "{E0AD706A-0A2D-4E2B-879D-0E30BADF0693}"
EndProject
Project("{FAE04EC0-301F-11D3-BF4B-00C04F79EFBC}") = "xunitcontrib.runner.resharper.runner.4.1", "resharper\xunitcontrib.runner.resharper.runner.4.1\xunitcontrib.runner.resharper.runner.4.1.csproj", "{4D9F1335-CE68-4670-BE27-0272625D7431}"
EndProject
Project("{FAE04EC0-301F-11D3-BF4B-00C04F79EFBC}") = "xunitcontrib.runner.resharper.provider.4.5", "resharper\xunitcontrib.runner.resharper.provider.4.5\xunitcontrib.runner.resharper.provider.4.5.csproj", "{896290F1-38BA-4BFA-B812-65C5279F387C}"
EndProject
Project("{FAE04EC0-301F-11D3-BF4B-00C04F79EFBC}") = "xunitcontrib.runner.resharper.runner.4.5", "resharper\xunitcontrib.runner.resharper.runner.4.5\xunitcontrib.runner.resharper.runner.4.5.csproj", "{693DF752-35EF-4CAD-948E-025CD1EB40DF}"
EndProject
Project("{FAE04EC0-301F-11D3-BF4B-00C04F79EFBC}") = "tests.xunitcontrib.runner.resharper.runner.4.5", "resharper\tests.xunitcontrib.runner.resharper.runner.4.5\tests.xunitcontrib.runner.resharper.runner.4.5.csproj", "{EF5299FB-1CFB-41AF-A855-7C3D532C62F3}"
EndProject
Project("{FAE04EC0-301F-11D3-BF4B-00C04F79EFBC}") = "tests.xunitcontrib.runner.resharper.runner.4.1", "resharper\tests.xunitcontrib.runner.resharper.runner.4.1\tests.xunitcontrib.runner.resharper.runner.4.1.csproj", "{B332B9D6-21DE-4A95-B55D-A17507DDE4B2}"
EndProject
Global
	GlobalSection(TeamFoundationVersionControl) = preSolution
		SccNumberOfProjects = 7
		SccEnterpriseProvider = {4CA58AB2-18FA-4F8D-95D4-32DDF27D184C}
		SccTeamFoundationServer = https://tfs09.codeplex.com/
		SccLocalPath0 = .
		SccProjectUniqueName1 = resharper\\xunitcontrib.runner.resharper.provider.4.1\\xunitcontrib.runner.resharper.provider.4.1.csproj
		SccProjectTopLevelParentUniqueName1 = xunitcontrib.sln
		SccProjectName1 = resharper/xunitcontrib.runner.resharper.provider.4.1
		SccLocalPath1 = resharper\\xunitcontrib.runner.resharper.provider.4.1
		SccProjectUniqueName2 = resharper\\xunitcontrib.runner.resharper.runner.4.1\\xunitcontrib.runner.resharper.runner.4.1.csproj
		SccProjectTopLevelParentUniqueName2 = xunitcontrib.sln
		SccProjectName2 = resharper/xunitcontrib.runner.resharper.runner.4.1
		SccLocalPath2 = resharper\\xunitcontrib.runner.resharper.runner.4.1
		SccProjectUniqueName3 = resharper\\xunitcontrib.runner.resharper.provider.4.5\\xunitcontrib.runner.resharper.provider.4.5.csproj
		SccProjectTopLevelParentUniqueName3 = xunitcontrib.sln
		SccProjectName3 = resharper/xunitcontrib.runner.resharper.provider.4.5
		SccLocalPath3 = resharper\\xunitcontrib.runner.resharper.provider.4.5
		SccProjectUniqueName4 = resharper\\xunitcontrib.runner.resharper.runner.4.5\\xunitcontrib.runner.resharper.runner.4.5.csproj
		SccProjectTopLevelParentUniqueName4 = xunitcontrib.sln
		SccProjectName4 = resharper/xunitcontrib.runner.resharper.runner.4.5
		SccLocalPath4 = resharper\\xunitcontrib.runner.resharper.runner.4.5
		SccProjectUniqueName5 = resharper\\tests.xunitcontrib.runner.resharper.runner.4.5\\tests.xunitcontrib.runner.resharper.runner.4.5.csproj
		SccProjectTopLevelParentUniqueName5 = xunitcontrib.sln
		SccProjectName5 = resharper/tests.xunitcontrib.runner.resharper.runner.4.5
		SccLocalPath5 = resharper\\tests.xunitcontrib.runner.resharper.runner.4.5
		SccProjectUniqueName6 = resharper\\tests.xunitcontrib.runner.resharper.runner.4.1\\tests.xunitcontrib.runner.resharper.runner.4.1.csproj
		SccProjectTopLevelParentUniqueName6 = xunitcontrib.sln
		SccProjectName6 = resharper/tests.xunitcontrib.runner.resharper.runner.4.1
		SccLocalPath6 = resharper\\tests.xunitcontrib.runner.resharper.runner.4.1
	EndGlobalSection
	GlobalSection(SolutionConfigurationPlatforms) = preSolution
		Debug|Any CPU = Debug|Any CPU
		Release|Any CPU = Release|Any CPU
	EndGlobalSection
	GlobalSection(ProjectConfigurationPlatforms) = postSolution
		{E0AD706A-0A2D-4E2B-879D-0E30BADF0693}.Debug|Any CPU.ActiveCfg = Debug|Any CPU
		{E0AD706A-0A2D-4E2B-879D-0E30BADF0693}.Debug|Any CPU.Build.0 = Debug|Any CPU
		{E0AD706A-0A2D-4E2B-879D-0E30BADF0693}.Release|Any CPU.ActiveCfg = Release|Any CPU
		{E0AD706A-0A2D-4E2B-879D-0E30BADF0693}.Release|Any CPU.Build.0 = Release|Any CPU
		{4D9F1335-CE68-4670-BE27-0272625D7431}.Debug|Any CPU.ActiveCfg = Debug|Any CPU
		{4D9F1335-CE68-4670-BE27-0272625D7431}.Debug|Any CPU.Build.0 = Debug|Any CPU
		{4D9F1335-CE68-4670-BE27-0272625D7431}.Release|Any CPU.ActiveCfg = Release|Any CPU
		{4D9F1335-CE68-4670-BE27-0272625D7431}.Release|Any CPU.Build.0 = Release|Any CPU
		{896290F1-38BA-4BFA-B812-65C5279F387C}.Debug|Any CPU.ActiveCfg = Debug|Any CPU
		{896290F1-38BA-4BFA-B812-65C5279F387C}.Debug|Any CPU.Build.0 = Debug|Any CPU
		{896290F1-38BA-4BFA-B812-65C5279F387C}.Release|Any CPU.ActiveCfg = Release|Any CPU
		{896290F1-38BA-4BFA-B812-65C5279F387C}.Release|Any CPU.Build.0 = Release|Any CPU
		{693DF752-35EF-4CAD-948E-025CD1EB40DF}.Debug|Any CPU.ActiveCfg = Debug|Any CPU
		{693DF752-35EF-4CAD-948E-025CD1EB40DF}.Debug|Any CPU.Build.0 = Debug|Any CPU
		{693DF752-35EF-4CAD-948E-025CD1EB40DF}.Release|Any CPU.ActiveCfg = Release|Any CPU
		{693DF752-35EF-4CAD-948E-025CD1EB40DF}.Release|Any CPU.Build.0 = Release|Any CPU
		{EF5299FB-1CFB-41AF-A855-7C3D532C62F3}.Debug|Any CPU.ActiveCfg = Debug|Any CPU
		{EF5299FB-1CFB-41AF-A855-7C3D532C62F3}.Debug|Any CPU.Build.0 = Debug|Any CPU
		{EF5299FB-1CFB-41AF-A855-7C3D532C62F3}.Release|Any CPU.ActiveCfg = Release|Any CPU
		{EF5299FB-1CFB-41AF-A855-7C3D532C62F3}.Release|Any CPU.Build.0 = Release|Any CPU
		{B332B9D6-21DE-4A95-B55D-A17507DDE4B2}.Debug|Any CPU.ActiveCfg = Debug|Any CPU
		{B332B9D6-21DE-4A95-B55D-A17507DDE4B2}.Debug|Any CPU.Build.0 = Debug|Any CPU
		{B332B9D6-21DE-4A95-B55D-A17507DDE4B2}.Release|Any CPU.ActiveCfg = Release|Any CPU
		{B332B9D6-21DE-4A95-B55D-A17507DDE4B2}.Release|Any CPU.Build.0 = Release|Any CPU
	EndGlobalSection
	GlobalSection(SolutionProperties) = preSolution
		HideSolutionNode = FALSE
	EndGlobalSection
	GlobalSection(NestedProjects) = preSolution
		{E0AD706A-0A2D-4E2B-879D-0E30BADF0693} = {7BB820D4-DB73-4486-AA8F-4D2F1839352D}
		{4D9F1335-CE68-4670-BE27-0272625D7431} = {7BB820D4-DB73-4486-AA8F-4D2F1839352D}
		{B332B9D6-21DE-4A95-B55D-A17507DDE4B2} = {7BB820D4-DB73-4486-AA8F-4D2F1839352D}
		{896290F1-38BA-4BFA-B812-65C5279F387C} = {B69C3161-3DDD-4EF4-8CB5-B73EC51267D7}
		{693DF752-35EF-4CAD-948E-025CD1EB40DF} = {B69C3161-3DDD-4EF4-8CB5-B73EC51267D7}
		{EF5299FB-1CFB-41AF-A855-7C3D532C62F3} = {B69C3161-3DDD-4EF4-8CB5-B73EC51267D7}
	EndGlobalSection
EndGlobal
