
Microsoft Visual Studio Solution File, Format Version 10.00
# Visual Studio 2008
Project("{FAE04EC0-301F-11D3-BF4B-00C04F79EFBC}") = "xunitcontrib.runner.resharper", "resharper\xunitcontrib.runner.resharper\xunitcontrib.runner.resharper.csproj", "{E0AD706A-0A2D-4E2B-879D-0E30BADF0693}"
EndProject
Project("{FAE04EC0-301F-11D3-BF4B-00C04F79EFBC}") = "tests.xunitcontrib.runner.resharper.manual", "resharper\tests.xunitcontrib.runner.resharper.manual\tests.xunitcontrib.runner.resharper.manual.csproj", "{CF3F077B-86D3-497C-B896-D64BFB7F3994}"
EndProject
Global
	GlobalSection(SolutionConfigurationPlatforms) = preSolution
		Debug|Any CPU = Debug|Any CPU
		Release|Any CPU = Release|Any CPU
	EndGlobalSection
	GlobalSection(ProjectConfigurationPlatforms) = postSolution
		{E0AD706A-0A2D-4E2B-879D-0E30BADF0693}.Debug|Any CPU.ActiveCfg = Debug|Any CPU
		{E0AD706A-0A2D-4E2B-879D-0E30BADF0693}.Debug|Any CPU.Build.0 = Debug|Any CPU
		{E0AD706A-0A2D-4E2B-879D-0E30BADF0693}.Release|Any CPU.ActiveCfg = Release|Any CPU
		{E0AD706A-0A2D-4E2B-879D-0E30BADF0693}.Release|Any CPU.Build.0 = Release|Any CPU
		{CF3F077B-86D3-497C-B896-D64BFB7F3994}.Debug|Any CPU.ActiveCfg = Debug|Any CPU
		{CF3F077B-86D3-497C-B896-D64BFB7F3994}.Debug|Any CPU.Build.0 = Debug|Any CPU
		{CF3F077B-86D3-497C-B896-D64BFB7F3994}.Release|Any CPU.ActiveCfg = Release|Any CPU
		{CF3F077B-86D3-497C-B896-D64BFB7F3994}.Release|Any CPU.Build.0 = Release|Any CPU
	EndGlobalSection
	GlobalSection(SolutionProperties) = preSolution
		HideSolutionNode = FALSE
	EndGlobalSection
EndGlobal
