
Microsoft Visual Studio Solution File, Format Version 11.00
# Visual Studio 2010
Project("{FAE04EC0-301F-11D3-BF4B-00C04F79EFBC}") = "xunitcontrib.runner.resharper.runner.6x", "xunitcontrib.runner.resharper.runner.6x\xunitcontrib.runner.resharper.runner.6.1.csproj", "{CF2A217A-CDE5-47C3-9B1B-AE823D03C4AD}"
EndProject
Project("{FAE04EC0-301F-11D3-BF4B-00C04F79EFBC}") = "xunitcontrib.runner.resharper.provider.6x", "xunitcontrib.runner.resharper.provider.6x\xunitcontrib.runner.resharper.provider.6.1.csproj", "{99D291B3-09A7-46C0-81FD-907A539E6A07}"
EndProject
Project("{FAE04EC0-301F-11D3-BF4B-00C04F79EFBC}") = "netfx4project.to.allow.debugging.vs2010", "netfx4project.to.allow.debugging.vs2010\netfx4project.to.allow.debugging.vs2010.csproj", "{69017CBB-789C-4324-8C3B-3FB3C18C0214}"
EndProject
Global
	GlobalSection(SolutionConfigurationPlatforms) = preSolution
		Debug|Any CPU = Debug|Any CPU
		Release|Any CPU = Release|Any CPU
	EndGlobalSection
	GlobalSection(ProjectConfigurationPlatforms) = postSolution
		{CF2A217A-CDE5-47C3-9B1B-AE823D03C4AD}.Debug|Any CPU.ActiveCfg = Debug|Any CPU
		{CF2A217A-CDE5-47C3-9B1B-AE823D03C4AD}.Debug|Any CPU.Build.0 = Debug|Any CPU
		{CF2A217A-CDE5-47C3-9B1B-AE823D03C4AD}.Release|Any CPU.ActiveCfg = Release|Any CPU
		{CF2A217A-CDE5-47C3-9B1B-AE823D03C4AD}.Release|Any CPU.Build.0 = Release|Any CPU
		{99D291B3-09A7-46C0-81FD-907A539E6A07}.Debug|Any CPU.ActiveCfg = Debug|Any CPU
		{99D291B3-09A7-46C0-81FD-907A539E6A07}.Debug|Any CPU.Build.0 = Debug|Any CPU
		{99D291B3-09A7-46C0-81FD-907A539E6A07}.Release|Any CPU.ActiveCfg = Release|Any CPU
		{99D291B3-09A7-46C0-81FD-907A539E6A07}.Release|Any CPU.Build.0 = Release|Any CPU
		{69017CBB-789C-4324-8C3B-3FB3C18C0214}.Debug|Any CPU.ActiveCfg = Debug|Any CPU
		{69017CBB-789C-4324-8C3B-3FB3C18C0214}.Debug|Any CPU.Build.0 = Debug|Any CPU
		{69017CBB-789C-4324-8C3B-3FB3C18C0214}.Release|Any CPU.ActiveCfg = Release|Any CPU
		{69017CBB-789C-4324-8C3B-3FB3C18C0214}.Release|Any CPU.Build.0 = Release|Any CPU
	EndGlobalSection
	GlobalSection(SolutionProperties) = preSolution
		HideSolutionNode = FALSE
	EndGlobalSection
EndGlobal
