
Microsoft Visual Studio Solution File, Format Version 10.00
# Visual Studio 2008
Project("{FAE04EC0-301F-11D3-BF4B-00C04F79EFBC}") = "tests.xunit.1.1", "tests.xunitcontrib.runner.resharper.manual\tests.xunit.1.1\tests.xunit.1.1.csproj", "{A6ADCC8E-3C9F-40D5-A347-00662B76EE73}"
EndProject
Project("{FAE04EC0-301F-11D3-BF4B-00C04F79EFBC}") = "tests.xunit.1.5", "tests.xunitcontrib.runner.resharper.manual\tests.xunit.1.5\tests.xunit.1.5.csproj", "{31769C82-24BB-4AFE-8DF9-02DCBF68B830}"
EndProject
Project("{FAE04EC0-301F-11D3-BF4B-00C04F79EFBC}") = "tests.multiple.assemblies", "tests.xunitcontrib.runner.resharper.manual\tests.multiple.assemblies\tests.multiple.assemblies.csproj", "{3DB666AA-98FA-4FBC-B0C8-451330728075}"
EndProject
Project("{FAE04EC0-301F-11D3-BF4B-00C04F79EFBC}") = "tests.reference.nunit", "tests.reference.nunit\tests.reference.nunit.csproj", "{E5196278-7DE1-4C3F-AD2D-23A22CE3CEE7}"
EndProject
Project("{FAE04EC0-301F-11D3-BF4B-00C04F79EFBC}") = "tests.xunit.1.5.x64", "tests.xunitcontrib.runner.resharper.manual\tests.xunit.1.5.x64\tests.xunit.1.5.x64.csproj", "{DBC5066C-7E14-4486-9F93-A9C61B2AD22A}"
EndProject
Project("{FAE04EC0-301F-11D3-BF4B-00C04F79EFBC}") = "tests.xunit.1.5.x86", "tests.xunitcontrib.runner.resharper.manual\tests.xunit.1.5.x86\tests.xunit.1.5.x86.csproj", "{EADCDB1E-457E-4472-94DD-A8DC8B1E77DC}"
EndProject
Global
	GlobalSection(SolutionConfigurationPlatforms) = preSolution
		Debug|Any CPU = Debug|Any CPU
		Release|Any CPU = Release|Any CPU
	EndGlobalSection
	GlobalSection(ProjectConfigurationPlatforms) = postSolution
		{A6ADCC8E-3C9F-40D5-A347-00662B76EE73}.Debug|Any CPU.ActiveCfg = Debug|Any CPU
		{A6ADCC8E-3C9F-40D5-A347-00662B76EE73}.Debug|Any CPU.Build.0 = Debug|Any CPU
		{A6ADCC8E-3C9F-40D5-A347-00662B76EE73}.Release|Any CPU.ActiveCfg = Release|Any CPU
		{A6ADCC8E-3C9F-40D5-A347-00662B76EE73}.Release|Any CPU.Build.0 = Release|Any CPU
		{31769C82-24BB-4AFE-8DF9-02DCBF68B830}.Debug|Any CPU.ActiveCfg = Debug|Any CPU
		{31769C82-24BB-4AFE-8DF9-02DCBF68B830}.Debug|Any CPU.Build.0 = Debug|Any CPU
		{31769C82-24BB-4AFE-8DF9-02DCBF68B830}.Release|Any CPU.ActiveCfg = Release|Any CPU
		{31769C82-24BB-4AFE-8DF9-02DCBF68B830}.Release|Any CPU.Build.0 = Release|Any CPU
		{3DB666AA-98FA-4FBC-B0C8-451330728075}.Debug|Any CPU.ActiveCfg = Debug|Any CPU
		{3DB666AA-98FA-4FBC-B0C8-451330728075}.Debug|Any CPU.Build.0 = Debug|Any CPU
		{3DB666AA-98FA-4FBC-B0C8-451330728075}.Release|Any CPU.ActiveCfg = Release|Any CPU
		{3DB666AA-98FA-4FBC-B0C8-451330728075}.Release|Any CPU.Build.0 = Release|Any CPU
		{E5196278-7DE1-4C3F-AD2D-23A22CE3CEE7}.Debug|Any CPU.ActiveCfg = Debug|Any CPU
		{E5196278-7DE1-4C3F-AD2D-23A22CE3CEE7}.Debug|Any CPU.Build.0 = Debug|Any CPU
		{E5196278-7DE1-4C3F-AD2D-23A22CE3CEE7}.Release|Any CPU.ActiveCfg = Release|Any CPU
		{E5196278-7DE1-4C3F-AD2D-23A22CE3CEE7}.Release|Any CPU.Build.0 = Release|Any CPU
		{DBC5066C-7E14-4486-9F93-A9C61B2AD22A}.Debug|Any CPU.ActiveCfg = Debug|Any CPU
		{DBC5066C-7E14-4486-9F93-A9C61B2AD22A}.Debug|Any CPU.Build.0 = Debug|Any CPU
		{DBC5066C-7E14-4486-9F93-A9C61B2AD22A}.Release|Any CPU.ActiveCfg = Release|Any CPU
		{DBC5066C-7E14-4486-9F93-A9C61B2AD22A}.Release|Any CPU.Build.0 = Release|Any CPU
		{EADCDB1E-457E-4472-94DD-A8DC8B1E77DC}.Debug|Any CPU.ActiveCfg = Debug|Any CPU
		{EADCDB1E-457E-4472-94DD-A8DC8B1E77DC}.Debug|Any CPU.Build.0 = Debug|Any CPU
		{EADCDB1E-457E-4472-94DD-A8DC8B1E77DC}.Release|Any CPU.ActiveCfg = Release|Any CPU
		{EADCDB1E-457E-4472-94DD-A8DC8B1E77DC}.Release|Any CPU.Build.0 = Release|Any CPU
	EndGlobalSection
	GlobalSection(SolutionProperties) = preSolution
		HideSolutionNode = FALSE
	EndGlobalSection
EndGlobal
