
Microsoft Visual Studio Solution File, Format Version 11.00
# Visual Studio 2010
Project("{FAE04EC0-301F-11D3-BF4B-00C04F79EFBC}") = "tests.reference.nunit.vs2010", "tests.reference.nunit\tests.reference.nunit.vs2010.csproj", "{713DBCAC-7C6D-4549-A4F5-EB5437F3A8D4}"
EndProject
Project("{FAE04EC0-301F-11D3-BF4B-00C04F79EFBC}") = "tests.multiple.assemblies.vs2010", "tests.xunitcontrib.runner.resharper.manual\tests.multiple.assemblies\tests.multiple.assemblies.vs2010.csproj", "{963EF988-D046-48FA-A4D3-0B5520C3E7B8}"
EndProject
Project("{FAE04EC0-301F-11D3-BF4B-00C04F79EFBC}") = "tests.xunit.1.6.1.vs2010", "tests.xunitcontrib.runner.resharper.manual\tests.xunit.1.6.1\tests.xunit.1.6.1.vs2010.csproj", "{C8F03197-CBCB-472E-A3F5-6CC7CFD26B40}"
EndProject
Project("{2150E333-8FDC-42A3-9474-1A3956D46DE8}") = "xunit-1.6.1", "xunit-1.6.1", "{1DDE4986-B19D-4BCF-B07E-6DE8CA8BA817}"
EndProject
Global
	GlobalSection(SolutionConfigurationPlatforms) = preSolution
		Debug|Any CPU = Debug|Any CPU
		Release|Any CPU = Release|Any CPU
	EndGlobalSection
	GlobalSection(ProjectConfigurationPlatforms) = postSolution
		{713DBCAC-7C6D-4549-A4F5-EB5437F3A8D4}.Debug|Any CPU.ActiveCfg = Debug|Any CPU
		{713DBCAC-7C6D-4549-A4F5-EB5437F3A8D4}.Debug|Any CPU.Build.0 = Debug|Any CPU
		{713DBCAC-7C6D-4549-A4F5-EB5437F3A8D4}.Release|Any CPU.ActiveCfg = Release|Any CPU
		{713DBCAC-7C6D-4549-A4F5-EB5437F3A8D4}.Release|Any CPU.Build.0 = Release|Any CPU
		{963EF988-D046-48FA-A4D3-0B5520C3E7B8}.Debug|Any CPU.ActiveCfg = Debug|Any CPU
		{963EF988-D046-48FA-A4D3-0B5520C3E7B8}.Debug|Any CPU.Build.0 = Debug|Any CPU
		{963EF988-D046-48FA-A4D3-0B5520C3E7B8}.Release|Any CPU.ActiveCfg = Release|Any CPU
		{963EF988-D046-48FA-A4D3-0B5520C3E7B8}.Release|Any CPU.Build.0 = Release|Any CPU
		{C8F03197-CBCB-472E-A3F5-6CC7CFD26B40}.Debug|Any CPU.ActiveCfg = Debug|Any CPU
		{C8F03197-CBCB-472E-A3F5-6CC7CFD26B40}.Debug|Any CPU.Build.0 = Debug|Any CPU
		{C8F03197-CBCB-472E-A3F5-6CC7CFD26B40}.Release|Any CPU.ActiveCfg = Release|Any CPU
		{C8F03197-CBCB-472E-A3F5-6CC7CFD26B40}.Release|Any CPU.Build.0 = Release|Any CPU
	EndGlobalSection
	GlobalSection(SolutionProperties) = preSolution
		HideSolutionNode = FALSE
	EndGlobalSection
	GlobalSection(NestedProjects) = preSolution
		{C8F03197-CBCB-472E-A3F5-6CC7CFD26B40} = {1DDE4986-B19D-4BCF-B07E-6DE8CA8BA817}
	EndGlobalSection
EndGlobal
