
Microsoft Visual Studio Solution File, Format Version 11.00
# Visual Studio 2010
Project("{FAE04EC0-301F-11D3-BF4B-00C04F79EFBC}") = "tests.reference.nunit.vs2010", "tests.reference.nunit\tests.reference.nunit.vs2010.csproj", "{713DBCAC-7C6D-4549-A4F5-EB5437F3A8D4}"
EndProject
Project("{FAE04EC0-301F-11D3-BF4B-00C04F79EFBC}") = "tests.multiple.assemblies.vs2010", "tests.xunitcontrib.runner.resharper.manual\tests.multiple.assemblies\tests.multiple.assemblies.vs2010.csproj", "{963EF988-D046-48FA-A4D3-0B5520C3E7B8}"
EndProject
Project("{FAE04EC0-301F-11D3-BF4B-00C04F79EFBC}") = "tests.xunit.1.1.vs2010", "tests.xunitcontrib.runner.resharper.manual\tests.xunit.1.1\tests.xunit.1.1.vs2010.csproj", "{D05CE1F1-974B-4EC5-A683-EE42DF05E0A9}"
EndProject
Project("{FAE04EC0-301F-11D3-BF4B-00C04F79EFBC}") = "tests.xunit.1.5.vs2010", "tests.xunitcontrib.runner.resharper.manual\tests.xunit.1.5\tests.xunit.1.5.vs2010.csproj", "{C3108B60-C40A-40BD-9C77-8453B38CD17B}"
EndProject
Project("{FAE04EC0-301F-11D3-BF4B-00C04F79EFBC}") = "tests.xunit.1.6.vs2010", "tests.xunitcontrib.runner.resharper.manual\tests.xunit.1.6\tests.xunit.1.6.vs2010.csproj", "{186426F2-D00C-4F7C-84CD-7CEE229B29EC}"
EndProject
Project("{FAE04EC0-301F-11D3-BF4B-00C04F79EFBC}") = "tests.xunit.1.6.x64.vs2010", "tests.xunitcontrib.runner.resharper.manual\tests.xunit.1.6\tests.xunit.1.6.x64.vs2010.csproj", "{FD17D500-4DD5-47A8-97E9-3317A420EAFB}"
EndProject
Project("{FAE04EC0-301F-11D3-BF4B-00C04F79EFBC}") = "tests.xunit.1.6.x86.vs2010", "tests.xunitcontrib.runner.resharper.manual\tests.xunit.1.6\tests.xunit.1.6.x86.vs2010.csproj", "{FB801AF5-B312-466D-8307-B6EE60BCDBC5}"
EndProject
Project("{FAE04EC0-301F-11D3-BF4B-00C04F79EFBC}") = "tests.xunit.1.5.x64.vs2010", "tests.xunitcontrib.runner.resharper.manual\tests.xunit.1.5\tests.xunit.1.5.x64.vs2010.csproj", "{C7A89B40-17F2-4E94-B5EE-46D880114144}"
EndProject
Project("{FAE04EC0-301F-11D3-BF4B-00C04F79EFBC}") = "tests.xunit.1.5.x86.vs2010", "tests.xunitcontrib.runner.resharper.manual\tests.xunit.1.5\tests.xunit.1.5.x86.vs2010.csproj", "{59DB3F27-67FA-43D0-B95E-015622BBB708}"
EndProject
Global
	GlobalSection(SolutionConfigurationPlatforms) = preSolution
		Debug|Any CPU = Debug|Any CPU
		Release|Any CPU = Release|Any CPU
	EndGlobalSection
	GlobalSection(ProjectConfigurationPlatforms) = postSolution
		{713DBCAC-7C6D-4549-A4F5-EB5437F3A8D4}.Debug|Any CPU.ActiveCfg = Debug|Any CPU
		{713DBCAC-7C6D-4549-A4F5-EB5437F3A8D4}.Debug|Any CPU.Build.0 = Debug|Any CPU
		{713DBCAC-7C6D-4549-A4F5-EB5437F3A8D4}.Release|Any CPU.ActiveCfg = Release|Any CPU
		{713DBCAC-7C6D-4549-A4F5-EB5437F3A8D4}.Release|Any CPU.Build.0 = Release|Any CPU
		{963EF988-D046-48FA-A4D3-0B5520C3E7B8}.Debug|Any CPU.ActiveCfg = Debug|Any CPU
		{963EF988-D046-48FA-A4D3-0B5520C3E7B8}.Debug|Any CPU.Build.0 = Debug|Any CPU
		{963EF988-D046-48FA-A4D3-0B5520C3E7B8}.Release|Any CPU.ActiveCfg = Release|Any CPU
		{963EF988-D046-48FA-A4D3-0B5520C3E7B8}.Release|Any CPU.Build.0 = Release|Any CPU
		{D05CE1F1-974B-4EC5-A683-EE42DF05E0A9}.Debug|Any CPU.ActiveCfg = Debug|Any CPU
		{D05CE1F1-974B-4EC5-A683-EE42DF05E0A9}.Debug|Any CPU.Build.0 = Debug|Any CPU
		{D05CE1F1-974B-4EC5-A683-EE42DF05E0A9}.Release|Any CPU.ActiveCfg = Release|Any CPU
		{D05CE1F1-974B-4EC5-A683-EE42DF05E0A9}.Release|Any CPU.Build.0 = Release|Any CPU
		{C3108B60-C40A-40BD-9C77-8453B38CD17B}.Debug|Any CPU.ActiveCfg = Debug|Any CPU
		{C3108B60-C40A-40BD-9C77-8453B38CD17B}.Debug|Any CPU.Build.0 = Debug|Any CPU
		{C3108B60-C40A-40BD-9C77-8453B38CD17B}.Release|Any CPU.ActiveCfg = Release|Any CPU
		{C3108B60-C40A-40BD-9C77-8453B38CD17B}.Release|Any CPU.Build.0 = Release|Any CPU
		{186426F2-D00C-4F7C-84CD-7CEE229B29EC}.Debug|Any CPU.ActiveCfg = Debug|Any CPU
		{186426F2-D00C-4F7C-84CD-7CEE229B29EC}.Debug|Any CPU.Build.0 = Debug|Any CPU
		{186426F2-D00C-4F7C-84CD-7CEE229B29EC}.Release|Any CPU.ActiveCfg = Release|Any CPU
		{186426F2-D00C-4F7C-84CD-7CEE229B29EC}.Release|Any CPU.Build.0 = Release|Any CPU
		{FD17D500-4DD5-47A8-97E9-3317A420EAFB}.Debug|Any CPU.ActiveCfg = Debug|Any CPU
		{FD17D500-4DD5-47A8-97E9-3317A420EAFB}.Debug|Any CPU.Build.0 = Debug|Any CPU
		{FD17D500-4DD5-47A8-97E9-3317A420EAFB}.Release|Any CPU.ActiveCfg = Release|Any CPU
		{FD17D500-4DD5-47A8-97E9-3317A420EAFB}.Release|Any CPU.Build.0 = Release|Any CPU
		{FB801AF5-B312-466D-8307-B6EE60BCDBC5}.Debug|Any CPU.ActiveCfg = Debug|Any CPU
		{FB801AF5-B312-466D-8307-B6EE60BCDBC5}.Debug|Any CPU.Build.0 = Debug|Any CPU
		{FB801AF5-B312-466D-8307-B6EE60BCDBC5}.Release|Any CPU.ActiveCfg = Release|Any CPU
		{FB801AF5-B312-466D-8307-B6EE60BCDBC5}.Release|Any CPU.Build.0 = Release|Any CPU
		{C7A89B40-17F2-4E94-B5EE-46D880114144}.Debug|Any CPU.ActiveCfg = Debug|Any CPU
		{C7A89B40-17F2-4E94-B5EE-46D880114144}.Debug|Any CPU.Build.0 = Debug|Any CPU
		{C7A89B40-17F2-4E94-B5EE-46D880114144}.Release|Any CPU.ActiveCfg = Release|Any CPU
		{C7A89B40-17F2-4E94-B5EE-46D880114144}.Release|Any CPU.Build.0 = Release|Any CPU
		{59DB3F27-67FA-43D0-B95E-015622BBB708}.Debug|Any CPU.ActiveCfg = Debug|Any CPU
		{59DB3F27-67FA-43D0-B95E-015622BBB708}.Debug|Any CPU.Build.0 = Debug|Any CPU
		{59DB3F27-67FA-43D0-B95E-015622BBB708}.Release|Any CPU.ActiveCfg = Release|Any CPU
		{59DB3F27-67FA-43D0-B95E-015622BBB708}.Release|Any CPU.Build.0 = Release|Any CPU
	EndGlobalSection
	GlobalSection(SolutionProperties) = preSolution
		HideSolutionNode = FALSE
	EndGlobalSection
EndGlobal
