
Microsoft Visual Studio Solution File, Format Version 12.00
# Visual Studio 2013
VisualStudioVersion = 12.0.30110.0
MinimumVisualStudioVersion = 10.0.40219.1
Project("{2150E333-8FDC-42A3-9474-1A3956D46DE8}") = "dotCover-2.6", "dotCover-2.6", "{457D2611-286B-471C-A467-D97491AA713B}"
EndProject
Project("{FAE04EC0-301F-11D3-BF4B-00C04F79EFBC}") = "xunitcontrib.runner.dotcover.runner.2.6", "src\xunitcontrib.runner.resharper.runner\xunitcontrib.runner.dotcover.runner.2.6.csproj", "{635403AC-C803-4084-95E4-9756100AD435}"
EndProject
Project("{FAE04EC0-301F-11D3-BF4B-00C04F79EFBC}") = "xunitcontrib.runner.dotcover.provider.2.6", "src\xunitcontrib.runner.resharper.provider\xunitcontrib.runner.dotcover.provider.2.6.csproj", "{425A944B-5AB1-4271-A1E3-33B05C88A720}"
EndProject
Project("{FAE04EC0-301F-11D3-BF4B-00C04F79EFBC}") = "tests.xunitcontrib.runner.dotcover.runner.2.6", "src\tests.xunitcontrib.runner.resharper.runner\tests.xunitcontrib.runner.dotcover.runner.2.6.csproj", "{4A369413-9816-4CD0-AAB5-5C3BD5D507A4}"
EndProject
Project("{2150E333-8FDC-42A3-9474-1A3956D46DE8}") = "dotCover-2.7", "dotCover-2.7", "{93045B11-1297-4638-A011-B94362427671}"
EndProject
Project("{FAE04EC0-301F-11D3-BF4B-00C04F79EFBC}") = "xunitcontrib.runner.dotcover.runner.2.7", "src\xunitcontrib.runner.resharper.runner\xunitcontrib.runner.dotcover.runner.2.7.csproj", "{F6084EEF-6437-4696-A152-A39ADF084880}"
EndProject
Project("{FAE04EC0-301F-11D3-BF4B-00C04F79EFBC}") = "xunitcontrib.runner.dotcover.provider.2.7", "src\xunitcontrib.runner.resharper.provider\xunitcontrib.runner.dotcover.provider.2.7.csproj", "{E55D9CAC-7D34-4625-A537-46A511F01CBC}"
EndProject
Project("{FAE04EC0-301F-11D3-BF4B-00C04F79EFBC}") = "tests.xunitcontrib.runner.dotcover.runner.2.7", "src\tests.xunitcontrib.runner.resharper.runner\tests.xunitcontrib.runner.dotcover.runner.2.7.csproj", "{A67A00CF-538F-4811-B8EF-9F7935E3DE65}"
EndProject
Global
	GlobalSection(SolutionConfigurationPlatforms) = preSolution
		Debug|Any CPU = Debug|Any CPU
		Release|Any CPU = Release|Any CPU
	EndGlobalSection
	GlobalSection(ProjectConfigurationPlatforms) = postSolution
		{635403AC-C803-4084-95E4-9756100AD435}.Debug|Any CPU.ActiveCfg = Debug|Any CPU
		{635403AC-C803-4084-95E4-9756100AD435}.Debug|Any CPU.Build.0 = Debug|Any CPU
		{635403AC-C803-4084-95E4-9756100AD435}.Release|Any CPU.ActiveCfg = Release|Any CPU
		{635403AC-C803-4084-95E4-9756100AD435}.Release|Any CPU.Build.0 = Release|Any CPU
		{425A944B-5AB1-4271-A1E3-33B05C88A720}.Debug|Any CPU.ActiveCfg = Debug|Any CPU
		{425A944B-5AB1-4271-A1E3-33B05C88A720}.Debug|Any CPU.Build.0 = Debug|Any CPU
		{425A944B-5AB1-4271-A1E3-33B05C88A720}.Release|Any CPU.ActiveCfg = Release|Any CPU
		{425A944B-5AB1-4271-A1E3-33B05C88A720}.Release|Any CPU.Build.0 = Release|Any CPU
		{4A369413-9816-4CD0-AAB5-5C3BD5D507A4}.Debug|Any CPU.ActiveCfg = Debug|Any CPU
		{4A369413-9816-4CD0-AAB5-5C3BD5D507A4}.Debug|Any CPU.Build.0 = Debug|Any CPU
		{4A369413-9816-4CD0-AAB5-5C3BD5D507A4}.Release|Any CPU.ActiveCfg = Release|Any CPU
		{4A369413-9816-4CD0-AAB5-5C3BD5D507A4}.Release|Any CPU.Build.0 = Release|Any CPU
		{F6084EEF-6437-4696-A152-A39ADF084880}.Debug|Any CPU.ActiveCfg = Debug|Any CPU
		{F6084EEF-6437-4696-A152-A39ADF084880}.Debug|Any CPU.Build.0 = Debug|Any CPU
		{F6084EEF-6437-4696-A152-A39ADF084880}.Release|Any CPU.ActiveCfg = Release|Any CPU
		{F6084EEF-6437-4696-A152-A39ADF084880}.Release|Any CPU.Build.0 = Release|Any CPU
		{E55D9CAC-7D34-4625-A537-46A511F01CBC}.Debug|Any CPU.ActiveCfg = Debug|Any CPU
		{E55D9CAC-7D34-4625-A537-46A511F01CBC}.Debug|Any CPU.Build.0 = Debug|Any CPU
		{E55D9CAC-7D34-4625-A537-46A511F01CBC}.Release|Any CPU.ActiveCfg = Release|Any CPU
		{E55D9CAC-7D34-4625-A537-46A511F01CBC}.Release|Any CPU.Build.0 = Release|Any CPU
		{A67A00CF-538F-4811-B8EF-9F7935E3DE65}.Debug|Any CPU.ActiveCfg = Debug|Any CPU
		{A67A00CF-538F-4811-B8EF-9F7935E3DE65}.Debug|Any CPU.Build.0 = Debug|Any CPU
		{A67A00CF-538F-4811-B8EF-9F7935E3DE65}.Release|Any CPU.ActiveCfg = Release|Any CPU
		{A67A00CF-538F-4811-B8EF-9F7935E3DE65}.Release|Any CPU.Build.0 = Release|Any CPU
	EndGlobalSection
	GlobalSection(SolutionProperties) = preSolution
		HideSolutionNode = FALSE
	EndGlobalSection
	GlobalSection(NestedProjects) = preSolution
		{635403AC-C803-4084-95E4-9756100AD435} = {457D2611-286B-471C-A467-D97491AA713B}
		{425A944B-5AB1-4271-A1E3-33B05C88A720} = {457D2611-286B-471C-A467-D97491AA713B}
		{4A369413-9816-4CD0-AAB5-5C3BD5D507A4} = {457D2611-286B-471C-A467-D97491AA713B}
		{F6084EEF-6437-4696-A152-A39ADF084880} = {93045B11-1297-4638-A011-B94362427671}
		{E55D9CAC-7D34-4625-A537-46A511F01CBC} = {93045B11-1297-4638-A011-B94362427671}
		{A67A00CF-538F-4811-B8EF-9F7935E3DE65} = {93045B11-1297-4638-A011-B94362427671}
	EndGlobalSection
EndGlobal
