
Microsoft Visual Studio Solution File, Format Version 12.00
# Visual Studio 2012
Project("{FAE04EC0-301F-11D3-BF4B-00C04F79EFBC}") = "xunitcontrib.runner.dotcover.runner.2.6", "src\xunitcontrib.runner.resharper.runner\xunitcontrib.runner.dotcover.runner.2.6.csproj", "{635403AC-C803-4084-95E4-9756100AD435}"
EndProject
Project("{FAE04EC0-301F-11D3-BF4B-00C04F79EFBC}") = "xunitcontrib.runner.dotcover.provider.2.6", "src\xunitcontrib.runner.resharper.provider\xunitcontrib.runner.dotcover.provider.2.6.csproj", "{425A944B-5AB1-4271-A1E3-33B05C88A720}"
EndProject
Project("{FAE04EC0-301F-11D3-BF4B-00C04F79EFBC}") = "tests.xunitcontrib.runner.dotcover.runner.2.6", "src\tests.xunitcontrib.runner.resharper.runner\tests.xunitcontrib.runner.dotcover.runner.2.6.csproj", "{4A369413-9816-4CD0-AAB5-5C3BD5D507A4}"
EndProject
Global
	GlobalSection(SolutionConfigurationPlatforms) = preSolution
		Debug|Any CPU = Debug|Any CPU
		Release|Any CPU = Release|Any CPU
	EndGlobalSection
	GlobalSection(ProjectConfigurationPlatforms) = postSolution
		{635403AC-C803-4084-95E4-9756100AD435}.Debug|Any CPU.ActiveCfg = Debug|Any CPU
		{635403AC-C803-4084-95E4-9756100AD435}.Debug|Any CPU.Build.0 = Debug|Any CPU
		{635403AC-C803-4084-95E4-9756100AD435}.Release|Any CPU.ActiveCfg = Release|Any CPU
		{635403AC-C803-4084-95E4-9756100AD435}.Release|Any CPU.Build.0 = Release|Any CPU
		{425A944B-5AB1-4271-A1E3-33B05C88A720}.Debug|Any CPU.ActiveCfg = Debug|Any CPU
		{425A944B-5AB1-4271-A1E3-33B05C88A720}.Debug|Any CPU.Build.0 = Debug|Any CPU
		{425A944B-5AB1-4271-A1E3-33B05C88A720}.Release|Any CPU.ActiveCfg = Release|Any CPU
		{425A944B-5AB1-4271-A1E3-33B05C88A720}.Release|Any CPU.Build.0 = Release|Any CPU
		{4A369413-9816-4CD0-AAB5-5C3BD5D507A4}.Debug|Any CPU.ActiveCfg = Debug|Any CPU
		{4A369413-9816-4CD0-AAB5-5C3BD5D507A4}.Debug|Any CPU.Build.0 = Debug|Any CPU
		{4A369413-9816-4CD0-AAB5-5C3BD5D507A4}.Release|Any CPU.ActiveCfg = Release|Any CPU
		{4A369413-9816-4CD0-AAB5-5C3BD5D507A4}.Release|Any CPU.Build.0 = Release|Any CPU
	EndGlobalSection
	GlobalSection(SolutionProperties) = preSolution
		HideSolutionNode = FALSE
	EndGlobalSection
EndGlobal
