
Microsoft Visual Studio Solution File, Format Version 12.00
# Visual Studio 2012
Project("{FAE04EC0-301F-11D3-BF4B-00C04F79EFBC}") = "xunitcontrib.runner.resharper.runner.8.0", "src\xunitcontrib.runner.resharper.runner\xunitcontrib.runner.resharper.runner.8.0.csproj", "{9E9681F0-893B-4B56-9D0B-CA307BDD0897}"
EndProject
Project("{FAE04EC0-301F-11D3-BF4B-00C04F79EFBC}") = "xunitcontrib.runner.resharper.provider.8.0", "src\xunitcontrib.runner.resharper.provider\xunitcontrib.runner.resharper.provider.8.0.csproj", "{AA02BBBF-EE08-4417-9331-D15B16528A8D}"
EndProject
Project("{FAE04EC0-301F-11D3-BF4B-00C04F79EFBC}") = "tests.xunitcontrib.runner.resharper.runner.8.0", "src\tests.xunitcontrib.runner.resharper.runner\tests.xunitcontrib.runner.resharper.runner.8.0.csproj", "{A063F4D2-40C7-42A9-8887-73DA1C9CEB8A}"
EndProject
Global
	GlobalSection(SolutionConfigurationPlatforms) = preSolution
		Debug|Any CPU = Debug|Any CPU
		Release|Any CPU = Release|Any CPU
	EndGlobalSection
	GlobalSection(ProjectConfigurationPlatforms) = postSolution
		{9E9681F0-893B-4B56-9D0B-CA307BDD0897}.Debug|Any CPU.ActiveCfg = Debug|Any CPU
		{9E9681F0-893B-4B56-9D0B-CA307BDD0897}.Debug|Any CPU.Build.0 = Debug|Any CPU
		{9E9681F0-893B-4B56-9D0B-CA307BDD0897}.Release|Any CPU.ActiveCfg = Release|Any CPU
		{9E9681F0-893B-4B56-9D0B-CA307BDD0897}.Release|Any CPU.Build.0 = Release|Any CPU
		{AA02BBBF-EE08-4417-9331-D15B16528A8D}.Debug|Any CPU.ActiveCfg = Debug|Any CPU
		{AA02BBBF-EE08-4417-9331-D15B16528A8D}.Debug|Any CPU.Build.0 = Debug|Any CPU
		{AA02BBBF-EE08-4417-9331-D15B16528A8D}.Release|Any CPU.ActiveCfg = Release|Any CPU
		{AA02BBBF-EE08-4417-9331-D15B16528A8D}.Release|Any CPU.Build.0 = Release|Any CPU
		{A063F4D2-40C7-42A9-8887-73DA1C9CEB8A}.Debug|Any CPU.ActiveCfg = Debug|Any CPU
		{A063F4D2-40C7-42A9-8887-73DA1C9CEB8A}.Debug|Any CPU.Build.0 = Debug|Any CPU
		{A063F4D2-40C7-42A9-8887-73DA1C9CEB8A}.Release|Any CPU.ActiveCfg = Release|Any CPU
		{A063F4D2-40C7-42A9-8887-73DA1C9CEB8A}.Release|Any CPU.Build.0 = Release|Any CPU
	EndGlobalSection
	GlobalSection(SolutionProperties) = preSolution
		HideSolutionNode = FALSE
	EndGlobalSection
EndGlobal
