Microsoft Visual Studio Solution File, Format Version 12.00
# Visual Studio 2013
VisualStudioVersion = 12.0.31101.0
MinimumVisualStudioVersion = 10.0.40219.1
Project("{2150E333-8FDC-42A3-9474-1A3956D46DE8}") = "Solution Items", "Solution Items", "{7C834612-8F96-4F3F-8802-0CEA6C0845A4}"
	ProjectSection(SolutionItems) = preProject
		debugging.txt = debugging.txt
		installing_multiple_resharper_versions.txt = installing_multiple_resharper_versions.txt
		todo.txt = todo.txt
		versions.txt = versions.txt
	EndProjectSection
EndProject
Project("{2150E333-8FDC-42A3-9474-1A3956D46DE8}") = "ReSharper", "ReSharper", "{7680498F-0E24-4EAD-9ED6-86875A17BCE6}"
EndProject
Project("{2150E333-8FDC-42A3-9474-1A3956D46DE8}") = "External Annotations", "External Annotations", "{B5E17072-61C6-4282-8B7F-AFD468A84194}"
	ProjectSection(SolutionItems) = preProject
		ExternalAnnotations\xunit.xml = ExternalAnnotations\xunit.xml
	EndProjectSection
EndProject
Project("{FAE04EC0-301F-11D3-BF4B-00C04F79EFBC}") = "netfx4project.to.allow.debugging.vs2010", "src\netfx4project.to.allow.debugging.vs2010\netfx4project.to.allow.debugging.vs2010.csproj", "{69017CBB-789C-4324-8C3B-3FB3C18C0214}"
EndProject
Project("{2150E333-8FDC-42A3-9474-1A3956D46DE8}") = "rs82", "rs82", "{669C417E-72D2-46F5-BCD9-216AB3D17CC9}"
EndProject
Project("{FAE04EC0-301F-11D3-BF4B-00C04F79EFBC}") = "provider-rs82", "src\xunitcontrib.runner.resharper.provider\provider-rs82.csproj", "{0B1C7C1F-0B97-4DF7-B21D-04BE2C0D99E7}"
EndProject
Project("{FAE04EC0-301F-11D3-BF4B-00C04F79EFBC}") = "runner-rs82", "src\xunitcontrib.runner.resharper.runner\runner-rs82.csproj", "{65DED109-21E4-48B6-BDC4-FAA188EF621D}"
EndProject
Project("{2150E333-8FDC-42A3-9474-1A3956D46DE8}") = "rs90", "rs90", "{B6E0E8B9-5E0C-499A-9044-6D48771C2D4E}"
EndProject
Project("{FAE04EC0-301F-11D3-BF4B-00C04F79EFBC}") = "runner-rs90", "src\xunitcontrib.runner.resharper.runner\runner-rs90.csproj", "{7BF7252A-8A6D-44E3-86BB-97E847BE2437}"
EndProject
Project("{FAE04EC0-301F-11D3-BF4B-00C04F79EFBC}") = "provider-rs90", "src\xunitcontrib.runner.resharper.provider\provider-rs90.csproj", "{AD5F3871-A580-4E28-9850-855546A512B6}"
EndProject
Project("{FAE04EC0-301F-11D3-BF4B-00C04F79EFBC}") = "tests-rs90", "test\src\tests\tests-rs90.csproj", "{CABCDA57-FDB0-4225-80A0-5583E207D7D1}"
EndProject
Global
	GlobalSection(SolutionConfigurationPlatforms) = preSolution
		Debug|Any CPU = Debug|Any CPU
		Release|Any CPU = Release|Any CPU
	EndGlobalSection
	GlobalSection(ProjectConfigurationPlatforms) = postSolution
		{69017CBB-789C-4324-8C3B-3FB3C18C0214}.Debug|Any CPU.ActiveCfg = Debug|Any CPU
		{69017CBB-789C-4324-8C3B-3FB3C18C0214}.Debug|Any CPU.Build.0 = Debug|Any CPU
		{69017CBB-789C-4324-8C3B-3FB3C18C0214}.Release|Any CPU.ActiveCfg = Release|Any CPU
		{69017CBB-789C-4324-8C3B-3FB3C18C0214}.Release|Any CPU.Build.0 = Release|Any CPU
		{0B1C7C1F-0B97-4DF7-B21D-04BE2C0D99E7}.Debug|Any CPU.ActiveCfg = Debug|Any CPU
		{0B1C7C1F-0B97-4DF7-B21D-04BE2C0D99E7}.Debug|Any CPU.Build.0 = Debug|Any CPU
		{0B1C7C1F-0B97-4DF7-B21D-04BE2C0D99E7}.Release|Any CPU.ActiveCfg = Release|Any CPU
		{0B1C7C1F-0B97-4DF7-B21D-04BE2C0D99E7}.Release|Any CPU.Build.0 = Release|Any CPU
		{65DED109-21E4-48B6-BDC4-FAA188EF621D}.Debug|Any CPU.ActiveCfg = Debug|Any CPU
		{65DED109-21E4-48B6-BDC4-FAA188EF621D}.Debug|Any CPU.Build.0 = Debug|Any CPU
		{65DED109-21E4-48B6-BDC4-FAA188EF621D}.Release|Any CPU.ActiveCfg = Release|Any CPU
		{65DED109-21E4-48B6-BDC4-FAA188EF621D}.Release|Any CPU.Build.0 = Release|Any CPU
		{7BF7252A-8A6D-44E3-86BB-97E847BE2437}.Debug|Any CPU.ActiveCfg = Debug|Any CPU
		{7BF7252A-8A6D-44E3-86BB-97E847BE2437}.Debug|Any CPU.Build.0 = Debug|Any CPU
		{7BF7252A-8A6D-44E3-86BB-97E847BE2437}.Release|Any CPU.ActiveCfg = Release|Any CPU
		{7BF7252A-8A6D-44E3-86BB-97E847BE2437}.Release|Any CPU.Build.0 = Release|Any CPU
		{AD5F3871-A580-4E28-9850-855546A512B6}.Debug|Any CPU.ActiveCfg = Debug|Any CPU
		{AD5F3871-A580-4E28-9850-855546A512B6}.Debug|Any CPU.Build.0 = Debug|Any CPU
		{AD5F3871-A580-4E28-9850-855546A512B6}.Release|Any CPU.ActiveCfg = Release|Any CPU
		{AD5F3871-A580-4E28-9850-855546A512B6}.Release|Any CPU.Build.0 = Release|Any CPU
		{CABCDA57-FDB0-4225-80A0-5583E207D7D1}.Debug|Any CPU.ActiveCfg = Debug|Any CPU
		{CABCDA57-FDB0-4225-80A0-5583E207D7D1}.Debug|Any CPU.Build.0 = Debug|Any CPU
		{CABCDA57-FDB0-4225-80A0-5583E207D7D1}.Release|Any CPU.ActiveCfg = Release|Any CPU
		{CABCDA57-FDB0-4225-80A0-5583E207D7D1}.Release|Any CPU.Build.0 = Release|Any CPU
	EndGlobalSection
	GlobalSection(SolutionProperties) = preSolution
		HideSolutionNode = FALSE
	EndGlobalSection
	GlobalSection(NestedProjects) = preSolution
		{7680498F-0E24-4EAD-9ED6-86875A17BCE6} = {7C834612-8F96-4F3F-8802-0CEA6C0845A4}
		{B5E17072-61C6-4282-8B7F-AFD468A84194} = {7680498F-0E24-4EAD-9ED6-86875A17BCE6}
		{0B1C7C1F-0B97-4DF7-B21D-04BE2C0D99E7} = {669C417E-72D2-46F5-BCD9-216AB3D17CC9}
		{65DED109-21E4-48B6-BDC4-FAA188EF621D} = {669C417E-72D2-46F5-BCD9-216AB3D17CC9}
		{7BF7252A-8A6D-44E3-86BB-97E847BE2437} = {B6E0E8B9-5E0C-499A-9044-6D48771C2D4E}
		{AD5F3871-A580-4E28-9850-855546A512B6} = {B6E0E8B9-5E0C-499A-9044-6D48771C2D4E}
		{CABCDA57-FDB0-4225-80A0-5583E207D7D1} = {B6E0E8B9-5E0C-499A-9044-6D48771C2D4E}
	EndGlobalSection
EndGlobal
