
Microsoft Visual Studio Solution File, Format Version 12.00
# Visual Studio 2013
VisualStudioVersion = 12.0.30110.0
MinimumVisualStudioVersion = 10.0.40219.1
Project("{2150E333-8FDC-42A3-9474-1A3956D46DE8}") = "Solution Items", "Solution Items", "{7C834612-8F96-4F3F-8802-0CEA6C0845A4}"
	ProjectSection(SolutionItems) = preProject
		debugging.txt = debugging.txt
		installing_multiple_resharper_versions.txt = installing_multiple_resharper_versions.txt
		todo.txt = todo.txt
		versions.txt = versions.txt
	EndProjectSection
EndProject
Project("{2150E333-8FDC-42A3-9474-1A3956D46DE8}") = "ReSharper", "ReSharper", "{7680498F-0E24-4EAD-9ED6-86875A17BCE6}"
EndProject
Project("{2150E333-8FDC-42A3-9474-1A3956D46DE8}") = "External Annotations", "External Annotations", "{B5E17072-61C6-4282-8B7F-AFD468A84194}"
	ProjectSection(SolutionItems) = preProject
		ExternalAnnotations\xunit.xml = ExternalAnnotations\xunit.xml
	EndProjectSection
EndProject
Project("{FAE04EC0-301F-11D3-BF4B-00C04F79EFBC}") = "netfx4project.to.allow.debugging.vs2010", "src\netfx4project.to.allow.debugging.vs2010\netfx4project.to.allow.debugging.vs2010.csproj", "{69017CBB-789C-4324-8C3B-3FB3C18C0214}"
EndProject
Project("{2150E333-8FDC-42A3-9474-1A3956D46DE8}") = "xunitcontrib-ReSharper.6.1", "xunitcontrib-ReSharper.6.1", "{F3F44B11-A3C9-4480-B4DF-A0B88DF1DFB0}"
EndProject
Project("{FAE04EC0-301F-11D3-BF4B-00C04F79EFBC}") = "xunitcontrib.runner.resharper.runner.6.1", "src\xunitcontrib.runner.resharper.runner\xunitcontrib.runner.resharper.runner.6.1.csproj", "{CF2A217A-CDE5-47C3-9B1B-AE823D03C4AD}"
EndProject
Project("{FAE04EC0-301F-11D3-BF4B-00C04F79EFBC}") = "xunitcontrib.runner.resharper.provider.6.1", "src\xunitcontrib.runner.resharper.provider\xunitcontrib.runner.resharper.provider.6.1.csproj", "{99D291B3-09A7-46C0-81FD-907A539E6A07}"
EndProject
Project("{FAE04EC0-301F-11D3-BF4B-00C04F79EFBC}") = "tests.xunitcontrib.runner.resharper.runner.6.1", "src\tests.xunitcontrib.runner.resharper.runner\tests.xunitcontrib.runner.resharper.runner.6.1.csproj", "{E63AA8D4-3805-42A7-83F3-985C3CF31A18}"
EndProject
Project("{2150E333-8FDC-42A3-9474-1A3956D46DE8}") = "xunitcontrib-dotCover.2.0", "xunitcontrib-dotCover.2.0", "{A11A379F-C95D-4E11-96BB-E9BEA157AB52}"
EndProject
Project("{FAE04EC0-301F-11D3-BF4B-00C04F79EFBC}") = "xunitcontrib.runner.dotcover.runner.2.0", "src\xunitcontrib.runner.resharper.runner\xunitcontrib.runner.dotcover.runner.2.0.csproj", "{96F9608F-5469-4D60-9B02-007E7D957AED}"
EndProject
Project("{FAE04EC0-301F-11D3-BF4B-00C04F79EFBC}") = "xunitcontrib.runner.dotcover.provider.2.0", "src\xunitcontrib.runner.resharper.provider\xunitcontrib.runner.dotcover.provider.2.0.csproj", "{82918AB4-BB27-4B16-B60D-8DD0481F83A4}"
EndProject
Project("{2150E333-8FDC-42A3-9474-1A3956D46DE8}") = "xunitcontrib-dotCover.2.1", "xunitcontrib-dotCover.2.1", "{FEE360C6-B81E-4F6F-879E-BC438C2A606E}"
EndProject
Project("{FAE04EC0-301F-11D3-BF4B-00C04F79EFBC}") = "xunitcontrib.runner.dotcover.runner.2.1", "src\xunitcontrib.runner.resharper.runner\xunitcontrib.runner.dotcover.runner.2.1.csproj", "{10F118FE-D65D-47B5-821E-039604E82CCC}"
EndProject
Project("{FAE04EC0-301F-11D3-BF4B-00C04F79EFBC}") = "xunitcontrib.runner.dotcover.provider.2.1", "src\xunitcontrib.runner.resharper.provider\xunitcontrib.runner.dotcover.provider.2.1.csproj", "{278067B0-A625-48F0-A3F9-F01A1185BD99}"
EndProject
Project("{FAE04EC0-301F-11D3-BF4B-00C04F79EFBC}") = "tests.xunitcontrib.runner.dotcover.runner.2.1", "src\tests.xunitcontrib.runner.resharper.runner\tests.xunitcontrib.runner.dotcover.runner.2.1.csproj", "{562593D5-78F5-44FF-A60C-2AB83CBC82D1}"
EndProject
Project("{2150E333-8FDC-42A3-9474-1A3956D46DE8}") = "xunitcontrib-ReSharper.7.1", "xunitcontrib-ReSharper.7.1", "{33105D73-0091-45AC-944E-510BFC44630C}"
EndProject
Project("{FAE04EC0-301F-11D3-BF4B-00C04F79EFBC}") = "xunitcontrib.runner.resharper.runner.7.1", "src\xunitcontrib.runner.resharper.runner\xunitcontrib.runner.resharper.runner.7.1.csproj", "{804327D8-7922-4CF9-815B-2C1C53DA97BB}"
EndProject
Project("{FAE04EC0-301F-11D3-BF4B-00C04F79EFBC}") = "xunitcontrib.runner.resharper.provider.7.1", "src\xunitcontrib.runner.resharper.provider\xunitcontrib.runner.resharper.provider.7.1.csproj", "{B16DF256-4064-4CFE-B142-76B666EAD55B}"
EndProject
Project("{FAE04EC0-301F-11D3-BF4B-00C04F79EFBC}") = "tests.xunitcontrib.runner.resharper.runner.7.1", "src\tests.xunitcontrib.runner.resharper.runner\tests.xunitcontrib.runner.resharper.runner.7.1.csproj", "{66B2D268-0E12-4642-ADDD-2E636E949149}"
EndProject
Project("{FAE04EC0-301F-11D3-BF4B-00C04F79EFBC}") = "tests.xunitcontrib.runner.dotcover.runner.2.0", "src\tests.xunitcontrib.runner.resharper.runner\tests.xunitcontrib.runner.dotcover.runner.2.0.csproj", "{AA7350E1-D6FE-44E0-B5A8-089FBB141F5C}"
EndProject
Project("{2150E333-8FDC-42A3-9474-1A3956D46DE8}") = "xunitcontrib-dotCover.2.2", "xunitcontrib-dotCover.2.2", "{D92F71EB-6010-4F3F-B357-0C091C7198C2}"
EndProject
Project("{FAE04EC0-301F-11D3-BF4B-00C04F79EFBC}") = "xunitcontrib.runner.dotcover.runner.2.2", "src\xunitcontrib.runner.resharper.runner\xunitcontrib.runner.dotcover.runner.2.2.csproj", "{E4191850-E23D-4301-8085-C2CB89A6C67B}"
EndProject
Project("{FAE04EC0-301F-11D3-BF4B-00C04F79EFBC}") = "xunitcontrib.runner.dotcover.provider.2.2", "src\xunitcontrib.runner.resharper.provider\xunitcontrib.runner.dotcover.provider.2.2.csproj", "{808FF995-99D8-40C3-BE64-E4AC5FEDBDF8}"
EndProject
Project("{FAE04EC0-301F-11D3-BF4B-00C04F79EFBC}") = "tests.xunitcontrib.runner.dotcover.runner.2.2", "src\tests.xunitcontrib.runner.resharper.runner\tests.xunitcontrib.runner.dotcover.runner.2.2.csproj", "{7AAFCCAD-71C3-4E6E-92F8-AF232029F7A0}"
EndProject
Project("{2150E333-8FDC-42A3-9474-1A3956D46DE8}") = "xunitcontrib-ReSharper.8.0", "xunitcontrib-ReSharper.8.0", "{47172D5F-39F0-4644-9EC5-FBDAC81273F1}"
EndProject
Project("{FAE04EC0-301F-11D3-BF4B-00C04F79EFBC}") = "xunitcontrib.runner.resharper.runner.8.0", "src\xunitcontrib.runner.resharper.runner\xunitcontrib.runner.resharper.runner.8.0.csproj", "{9E9681F0-893B-4B56-9D0B-CA307BDD0897}"
EndProject
Project("{FAE04EC0-301F-11D3-BF4B-00C04F79EFBC}") = "xunitcontrib.runner.resharper.provider.8.0", "src\xunitcontrib.runner.resharper.provider\xunitcontrib.runner.resharper.provider.8.0.csproj", "{AA02BBBF-EE08-4417-9331-D15B16528A8D}"
EndProject
Project("{FAE04EC0-301F-11D3-BF4B-00C04F79EFBC}") = "tests.xunitcontrib.runner.resharper.runner.8.0", "src\tests.xunitcontrib.runner.resharper.runner\tests.xunitcontrib.runner.resharper.runner.8.0.csproj", "{A063F4D2-40C7-42A9-8887-73DA1C9CEB8A}"
EndProject
Project("{2150E333-8FDC-42A3-9474-1A3956D46DE8}") = "xunitcontrib-dotCover.2.5", "xunitcontrib-dotCover.2.5", "{56B1396A-86B7-44A3-B210-F9CAC66136F5}"
EndProject
Project("{FAE04EC0-301F-11D3-BF4B-00C04F79EFBC}") = "xunitcontrib.runner.dotcover.provider.2.5", "src\xunitcontrib.runner.resharper.provider\xunitcontrib.runner.dotcover.provider.2.5.csproj", "{9300755F-7263-45C4-897B-30E20111EC7B}"
EndProject
Project("{FAE04EC0-301F-11D3-BF4B-00C04F79EFBC}") = "xunitcontrib.runner.dotcover.runner.2.5", "src\xunitcontrib.runner.resharper.runner\xunitcontrib.runner.dotcover.runner.2.5.csproj", "{43D5FB1A-25E5-4475-B7F9-8EAFAFEBD992}"
EndProject
Project("{FAE04EC0-301F-11D3-BF4B-00C04F79EFBC}") = "tests.xunitcontrib.runner.dotcover.runner.2.5", "src\tests.xunitcontrib.runner.resharper.runner\tests.xunitcontrib.runner.dotcover.runner.2.5.csproj", "{98089948-AA88-48CA-B518-48A2A3BC13BA}"
EndProject
Project("{2150E333-8FDC-42A3-9474-1A3956D46DE8}") = "xunitcontrib-ReSharper.8.1", "xunitcontrib-ReSharper.8.1", "{3F45A941-CF53-4551-9FE6-EAF06BF5CD2B}"
EndProject
Project("{FAE04EC0-301F-11D3-BF4B-00C04F79EFBC}") = "xunitcontrib.runner.resharper.runner.8.1", "src\xunitcontrib.runner.resharper.runner\xunitcontrib.runner.resharper.runner.8.1.csproj", "{8313E361-2D44-46DF-90E9-5639EF7C2803}"
EndProject
Project("{FAE04EC0-301F-11D3-BF4B-00C04F79EFBC}") = "xunitcontrib.runner.resharper.provider.8.1", "src\xunitcontrib.runner.resharper.provider\xunitcontrib.runner.resharper.provider.8.1.csproj", "{FC68C892-43E8-4464-A097-FBBC93BCE371}"
EndProject
Project("{FAE04EC0-301F-11D3-BF4B-00C04F79EFBC}") = "tests.xunitcontrib.runner.resharper.runner.8.1", "src\tests.xunitcontrib.runner.resharper.runner\tests.xunitcontrib.runner.resharper.runner.8.1.csproj", "{2F60A451-16B0-41F2-AAF7-6FD7111716A1}"
EndProject
Project("{2150E333-8FDC-42A3-9474-1A3956D46DE8}") = "xunitcontrib-dotCover.2.6", "xunitcontrib-dotCover.2.6", "{B2ECDC88-A94E-4162-8511-999EF6DE91E7}"
EndProject
Project("{FAE04EC0-301F-11D3-BF4B-00C04F79EFBC}") = "xunitcontrib.runner.dotcover.runner.2.6", "src\xunitcontrib.runner.resharper.runner\xunitcontrib.runner.dotcover.runner.2.6.csproj", "{635403AC-C803-4084-95E4-9756100AD435}"
EndProject
Project("{FAE04EC0-301F-11D3-BF4B-00C04F79EFBC}") = "xunitcontrib.runner.dotcover.provider.2.6", "src\xunitcontrib.runner.resharper.provider\xunitcontrib.runner.dotcover.provider.2.6.csproj", "{425A944B-5AB1-4271-A1E3-33B05C88A720}"
EndProject
Project("{FAE04EC0-301F-11D3-BF4B-00C04F79EFBC}") = "tests.xunitcontrib.runner.dotcover.runner.2.6", "src\tests.xunitcontrib.runner.resharper.runner\tests.xunitcontrib.runner.dotcover.runner.2.6.csproj", "{4A369413-9816-4CD0-AAB5-5C3BD5D507A4}"
EndProject
Project("{2150E333-8FDC-42A3-9474-1A3956D46DE8}") = "xunitcontrib-ReSharper.8.2", "xunitcontrib-ReSharper.8.2", "{669C417E-72D2-46F5-BCD9-216AB3D17CC9}"
EndProject
Project("{FAE04EC0-301F-11D3-BF4B-00C04F79EFBC}") = "tests.xunitcontrib.runner.resharper.runner.8.2", "src\tests.xunitcontrib.runner.resharper.runner\tests.xunitcontrib.runner.resharper.runner.8.2.csproj", "{E4AAD67E-D9F6-4124-8B5F-FDFB69B5FA5C}"
EndProject
Project("{FAE04EC0-301F-11D3-BF4B-00C04F79EFBC}") = "xunitcontrib.runner.resharper.provider.8.2", "src\xunitcontrib.runner.resharper.provider\xunitcontrib.runner.resharper.provider.8.2.csproj", "{0B1C7C1F-0B97-4DF7-B21D-04BE2C0D99E7}"
EndProject
Project("{FAE04EC0-301F-11D3-BF4B-00C04F79EFBC}") = "xunitcontrib.runner.resharper.runner.8.2", "src\xunitcontrib.runner.resharper.runner\xunitcontrib.runner.resharper.runner.8.2.csproj", "{65DED109-21E4-48B6-BDC4-FAA188EF621D}"
EndProject
Global
	GlobalSection(SolutionConfigurationPlatforms) = preSolution
		Debug|Any CPU = Debug|Any CPU
		Release|Any CPU = Release|Any CPU
	EndGlobalSection
	GlobalSection(ProjectConfigurationPlatforms) = postSolution
		{69017CBB-789C-4324-8C3B-3FB3C18C0214}.Debug|Any CPU.ActiveCfg = Debug|Any CPU
		{69017CBB-789C-4324-8C3B-3FB3C18C0214}.Debug|Any CPU.Build.0 = Debug|Any CPU
		{69017CBB-789C-4324-8C3B-3FB3C18C0214}.Release|Any CPU.ActiveCfg = Release|Any CPU
		{69017CBB-789C-4324-8C3B-3FB3C18C0214}.Release|Any CPU.Build.0 = Release|Any CPU
		{CF2A217A-CDE5-47C3-9B1B-AE823D03C4AD}.Debug|Any CPU.ActiveCfg = Debug|Any CPU
		{CF2A217A-CDE5-47C3-9B1B-AE823D03C4AD}.Debug|Any CPU.Build.0 = Debug|Any CPU
		{CF2A217A-CDE5-47C3-9B1B-AE823D03C4AD}.Release|Any CPU.ActiveCfg = Release|Any CPU
		{CF2A217A-CDE5-47C3-9B1B-AE823D03C4AD}.Release|Any CPU.Build.0 = Release|Any CPU
		{99D291B3-09A7-46C0-81FD-907A539E6A07}.Debug|Any CPU.ActiveCfg = Debug|Any CPU
		{99D291B3-09A7-46C0-81FD-907A539E6A07}.Debug|Any CPU.Build.0 = Debug|Any CPU
		{99D291B3-09A7-46C0-81FD-907A539E6A07}.Release|Any CPU.ActiveCfg = Release|Any CPU
		{99D291B3-09A7-46C0-81FD-907A539E6A07}.Release|Any CPU.Build.0 = Release|Any CPU
		{E63AA8D4-3805-42A7-83F3-985C3CF31A18}.Debug|Any CPU.ActiveCfg = Debug|Any CPU
		{E63AA8D4-3805-42A7-83F3-985C3CF31A18}.Debug|Any CPU.Build.0 = Debug|Any CPU
		{E63AA8D4-3805-42A7-83F3-985C3CF31A18}.Release|Any CPU.ActiveCfg = Release|Any CPU
		{E63AA8D4-3805-42A7-83F3-985C3CF31A18}.Release|Any CPU.Build.0 = Release|Any CPU
		{96F9608F-5469-4D60-9B02-007E7D957AED}.Debug|Any CPU.ActiveCfg = Debug|Any CPU
		{96F9608F-5469-4D60-9B02-007E7D957AED}.Debug|Any CPU.Build.0 = Debug|Any CPU
		{96F9608F-5469-4D60-9B02-007E7D957AED}.Release|Any CPU.ActiveCfg = Release|Any CPU
		{96F9608F-5469-4D60-9B02-007E7D957AED}.Release|Any CPU.Build.0 = Release|Any CPU
		{82918AB4-BB27-4B16-B60D-8DD0481F83A4}.Debug|Any CPU.ActiveCfg = Debug|Any CPU
		{82918AB4-BB27-4B16-B60D-8DD0481F83A4}.Debug|Any CPU.Build.0 = Debug|Any CPU
		{82918AB4-BB27-4B16-B60D-8DD0481F83A4}.Release|Any CPU.ActiveCfg = Release|Any CPU
		{82918AB4-BB27-4B16-B60D-8DD0481F83A4}.Release|Any CPU.Build.0 = Release|Any CPU
		{10F118FE-D65D-47B5-821E-039604E82CCC}.Debug|Any CPU.ActiveCfg = Debug|Any CPU
		{10F118FE-D65D-47B5-821E-039604E82CCC}.Debug|Any CPU.Build.0 = Debug|Any CPU
		{10F118FE-D65D-47B5-821E-039604E82CCC}.Release|Any CPU.ActiveCfg = Release|Any CPU
		{10F118FE-D65D-47B5-821E-039604E82CCC}.Release|Any CPU.Build.0 = Release|Any CPU
		{278067B0-A625-48F0-A3F9-F01A1185BD99}.Debug|Any CPU.ActiveCfg = Debug|Any CPU
		{278067B0-A625-48F0-A3F9-F01A1185BD99}.Debug|Any CPU.Build.0 = Debug|Any CPU
		{278067B0-A625-48F0-A3F9-F01A1185BD99}.Release|Any CPU.ActiveCfg = Release|Any CPU
		{278067B0-A625-48F0-A3F9-F01A1185BD99}.Release|Any CPU.Build.0 = Release|Any CPU
		{562593D5-78F5-44FF-A60C-2AB83CBC82D1}.Debug|Any CPU.ActiveCfg = Debug|Any CPU
		{562593D5-78F5-44FF-A60C-2AB83CBC82D1}.Debug|Any CPU.Build.0 = Debug|Any CPU
		{562593D5-78F5-44FF-A60C-2AB83CBC82D1}.Release|Any CPU.ActiveCfg = Release|Any CPU
		{562593D5-78F5-44FF-A60C-2AB83CBC82D1}.Release|Any CPU.Build.0 = Release|Any CPU
		{804327D8-7922-4CF9-815B-2C1C53DA97BB}.Debug|Any CPU.ActiveCfg = Debug|Any CPU
		{804327D8-7922-4CF9-815B-2C1C53DA97BB}.Debug|Any CPU.Build.0 = Debug|Any CPU
		{804327D8-7922-4CF9-815B-2C1C53DA97BB}.Release|Any CPU.ActiveCfg = Release|Any CPU
		{804327D8-7922-4CF9-815B-2C1C53DA97BB}.Release|Any CPU.Build.0 = Release|Any CPU
		{B16DF256-4064-4CFE-B142-76B666EAD55B}.Debug|Any CPU.ActiveCfg = Debug|Any CPU
		{B16DF256-4064-4CFE-B142-76B666EAD55B}.Debug|Any CPU.Build.0 = Debug|Any CPU
		{B16DF256-4064-4CFE-B142-76B666EAD55B}.Release|Any CPU.ActiveCfg = Release|Any CPU
		{B16DF256-4064-4CFE-B142-76B666EAD55B}.Release|Any CPU.Build.0 = Release|Any CPU
		{66B2D268-0E12-4642-ADDD-2E636E949149}.Debug|Any CPU.ActiveCfg = Debug|Any CPU
		{66B2D268-0E12-4642-ADDD-2E636E949149}.Debug|Any CPU.Build.0 = Debug|Any CPU
		{66B2D268-0E12-4642-ADDD-2E636E949149}.Release|Any CPU.ActiveCfg = Release|Any CPU
		{66B2D268-0E12-4642-ADDD-2E636E949149}.Release|Any CPU.Build.0 = Release|Any CPU
		{AA7350E1-D6FE-44E0-B5A8-089FBB141F5C}.Debug|Any CPU.ActiveCfg = Debug|Any CPU
		{AA7350E1-D6FE-44E0-B5A8-089FBB141F5C}.Debug|Any CPU.Build.0 = Debug|Any CPU
		{AA7350E1-D6FE-44E0-B5A8-089FBB141F5C}.Release|Any CPU.ActiveCfg = Release|Any CPU
		{AA7350E1-D6FE-44E0-B5A8-089FBB141F5C}.Release|Any CPU.Build.0 = Release|Any CPU
		{E4191850-E23D-4301-8085-C2CB89A6C67B}.Debug|Any CPU.ActiveCfg = Debug|Any CPU
		{E4191850-E23D-4301-8085-C2CB89A6C67B}.Debug|Any CPU.Build.0 = Debug|Any CPU
		{E4191850-E23D-4301-8085-C2CB89A6C67B}.Release|Any CPU.ActiveCfg = Release|Any CPU
		{E4191850-E23D-4301-8085-C2CB89A6C67B}.Release|Any CPU.Build.0 = Release|Any CPU
		{808FF995-99D8-40C3-BE64-E4AC5FEDBDF8}.Debug|Any CPU.ActiveCfg = Debug|Any CPU
		{808FF995-99D8-40C3-BE64-E4AC5FEDBDF8}.Debug|Any CPU.Build.0 = Debug|Any CPU
		{808FF995-99D8-40C3-BE64-E4AC5FEDBDF8}.Release|Any CPU.ActiveCfg = Release|Any CPU
		{808FF995-99D8-40C3-BE64-E4AC5FEDBDF8}.Release|Any CPU.Build.0 = Release|Any CPU
		{7AAFCCAD-71C3-4E6E-92F8-AF232029F7A0}.Debug|Any CPU.ActiveCfg = Debug|Any CPU
		{7AAFCCAD-71C3-4E6E-92F8-AF232029F7A0}.Debug|Any CPU.Build.0 = Debug|Any CPU
		{7AAFCCAD-71C3-4E6E-92F8-AF232029F7A0}.Release|Any CPU.ActiveCfg = Release|Any CPU
		{7AAFCCAD-71C3-4E6E-92F8-AF232029F7A0}.Release|Any CPU.Build.0 = Release|Any CPU
		{9E9681F0-893B-4B56-9D0B-CA307BDD0897}.Debug|Any CPU.ActiveCfg = Debug|Any CPU
		{9E9681F0-893B-4B56-9D0B-CA307BDD0897}.Debug|Any CPU.Build.0 = Debug|Any CPU
		{9E9681F0-893B-4B56-9D0B-CA307BDD0897}.Release|Any CPU.ActiveCfg = Release|Any CPU
		{9E9681F0-893B-4B56-9D0B-CA307BDD0897}.Release|Any CPU.Build.0 = Release|Any CPU
		{AA02BBBF-EE08-4417-9331-D15B16528A8D}.Debug|Any CPU.ActiveCfg = Debug|Any CPU
		{AA02BBBF-EE08-4417-9331-D15B16528A8D}.Debug|Any CPU.Build.0 = Debug|Any CPU
		{AA02BBBF-EE08-4417-9331-D15B16528A8D}.Release|Any CPU.ActiveCfg = Release|Any CPU
		{AA02BBBF-EE08-4417-9331-D15B16528A8D}.Release|Any CPU.Build.0 = Release|Any CPU
		{A063F4D2-40C7-42A9-8887-73DA1C9CEB8A}.Debug|Any CPU.ActiveCfg = Debug|Any CPU
		{A063F4D2-40C7-42A9-8887-73DA1C9CEB8A}.Debug|Any CPU.Build.0 = Debug|Any CPU
		{A063F4D2-40C7-42A9-8887-73DA1C9CEB8A}.Release|Any CPU.ActiveCfg = Release|Any CPU
		{A063F4D2-40C7-42A9-8887-73DA1C9CEB8A}.Release|Any CPU.Build.0 = Release|Any CPU
		{9300755F-7263-45C4-897B-30E20111EC7B}.Debug|Any CPU.ActiveCfg = Debug|Any CPU
		{9300755F-7263-45C4-897B-30E20111EC7B}.Debug|Any CPU.Build.0 = Debug|Any CPU
		{9300755F-7263-45C4-897B-30E20111EC7B}.Release|Any CPU.ActiveCfg = Release|Any CPU
		{9300755F-7263-45C4-897B-30E20111EC7B}.Release|Any CPU.Build.0 = Release|Any CPU
		{43D5FB1A-25E5-4475-B7F9-8EAFAFEBD992}.Debug|Any CPU.ActiveCfg = Debug|Any CPU
		{43D5FB1A-25E5-4475-B7F9-8EAFAFEBD992}.Debug|Any CPU.Build.0 = Debug|Any CPU
		{43D5FB1A-25E5-4475-B7F9-8EAFAFEBD992}.Release|Any CPU.ActiveCfg = Release|Any CPU
		{43D5FB1A-25E5-4475-B7F9-8EAFAFEBD992}.Release|Any CPU.Build.0 = Release|Any CPU
		{98089948-AA88-48CA-B518-48A2A3BC13BA}.Debug|Any CPU.ActiveCfg = Debug|Any CPU
		{98089948-AA88-48CA-B518-48A2A3BC13BA}.Debug|Any CPU.Build.0 = Debug|Any CPU
		{98089948-AA88-48CA-B518-48A2A3BC13BA}.Release|Any CPU.ActiveCfg = Release|Any CPU
		{98089948-AA88-48CA-B518-48A2A3BC13BA}.Release|Any CPU.Build.0 = Release|Any CPU
		{8313E361-2D44-46DF-90E9-5639EF7C2803}.Debug|Any CPU.ActiveCfg = Debug|Any CPU
		{8313E361-2D44-46DF-90E9-5639EF7C2803}.Debug|Any CPU.Build.0 = Debug|Any CPU
		{8313E361-2D44-46DF-90E9-5639EF7C2803}.Release|Any CPU.ActiveCfg = Release|Any CPU
		{8313E361-2D44-46DF-90E9-5639EF7C2803}.Release|Any CPU.Build.0 = Release|Any CPU
		{FC68C892-43E8-4464-A097-FBBC93BCE371}.Debug|Any CPU.ActiveCfg = Debug|Any CPU
		{FC68C892-43E8-4464-A097-FBBC93BCE371}.Debug|Any CPU.Build.0 = Debug|Any CPU
		{FC68C892-43E8-4464-A097-FBBC93BCE371}.Release|Any CPU.ActiveCfg = Release|Any CPU
		{FC68C892-43E8-4464-A097-FBBC93BCE371}.Release|Any CPU.Build.0 = Release|Any CPU
		{2F60A451-16B0-41F2-AAF7-6FD7111716A1}.Debug|Any CPU.ActiveCfg = Debug|Any CPU
		{2F60A451-16B0-41F2-AAF7-6FD7111716A1}.Debug|Any CPU.Build.0 = Debug|Any CPU
		{2F60A451-16B0-41F2-AAF7-6FD7111716A1}.Release|Any CPU.ActiveCfg = Release|Any CPU
		{2F60A451-16B0-41F2-AAF7-6FD7111716A1}.Release|Any CPU.Build.0 = Release|Any CPU
		{635403AC-C803-4084-95E4-9756100AD435}.Debug|Any CPU.ActiveCfg = Debug|Any CPU
		{635403AC-C803-4084-95E4-9756100AD435}.Debug|Any CPU.Build.0 = Debug|Any CPU
		{635403AC-C803-4084-95E4-9756100AD435}.Release|Any CPU.ActiveCfg = Release|Any CPU
		{635403AC-C803-4084-95E4-9756100AD435}.Release|Any CPU.Build.0 = Release|Any CPU
		{425A944B-5AB1-4271-A1E3-33B05C88A720}.Debug|Any CPU.ActiveCfg = Debug|Any CPU
		{425A944B-5AB1-4271-A1E3-33B05C88A720}.Debug|Any CPU.Build.0 = Debug|Any CPU
		{425A944B-5AB1-4271-A1E3-33B05C88A720}.Release|Any CPU.ActiveCfg = Release|Any CPU
		{425A944B-5AB1-4271-A1E3-33B05C88A720}.Release|Any CPU.Build.0 = Release|Any CPU
		{4A369413-9816-4CD0-AAB5-5C3BD5D507A4}.Debug|Any CPU.ActiveCfg = Debug|Any CPU
		{4A369413-9816-4CD0-AAB5-5C3BD5D507A4}.Debug|Any CPU.Build.0 = Debug|Any CPU
		{4A369413-9816-4CD0-AAB5-5C3BD5D507A4}.Release|Any CPU.ActiveCfg = Release|Any CPU
		{4A369413-9816-4CD0-AAB5-5C3BD5D507A4}.Release|Any CPU.Build.0 = Release|Any CPU
		{E4AAD67E-D9F6-4124-8B5F-FDFB69B5FA5C}.Debug|Any CPU.ActiveCfg = Debug|Any CPU
		{E4AAD67E-D9F6-4124-8B5F-FDFB69B5FA5C}.Debug|Any CPU.Build.0 = Debug|Any CPU
		{E4AAD67E-D9F6-4124-8B5F-FDFB69B5FA5C}.Release|Any CPU.ActiveCfg = Release|Any CPU
		{E4AAD67E-D9F6-4124-8B5F-FDFB69B5FA5C}.Release|Any CPU.Build.0 = Release|Any CPU
		{0B1C7C1F-0B97-4DF7-B21D-04BE2C0D99E7}.Debug|Any CPU.ActiveCfg = Debug|Any CPU
		{0B1C7C1F-0B97-4DF7-B21D-04BE2C0D99E7}.Debug|Any CPU.Build.0 = Debug|Any CPU
		{0B1C7C1F-0B97-4DF7-B21D-04BE2C0D99E7}.Release|Any CPU.ActiveCfg = Release|Any CPU
		{0B1C7C1F-0B97-4DF7-B21D-04BE2C0D99E7}.Release|Any CPU.Build.0 = Release|Any CPU
		{65DED109-21E4-48B6-BDC4-FAA188EF621D}.Debug|Any CPU.ActiveCfg = Debug|Any CPU
		{65DED109-21E4-48B6-BDC4-FAA188EF621D}.Debug|Any CPU.Build.0 = Debug|Any CPU
		{65DED109-21E4-48B6-BDC4-FAA188EF621D}.Release|Any CPU.ActiveCfg = Release|Any CPU
		{65DED109-21E4-48B6-BDC4-FAA188EF621D}.Release|Any CPU.Build.0 = Release|Any CPU
	EndGlobalSection
	GlobalSection(SolutionProperties) = preSolution
		HideSolutionNode = FALSE
	EndGlobalSection
	GlobalSection(NestedProjects) = preSolution
		{7680498F-0E24-4EAD-9ED6-86875A17BCE6} = {7C834612-8F96-4F3F-8802-0CEA6C0845A4}
		{B5E17072-61C6-4282-8B7F-AFD468A84194} = {7680498F-0E24-4EAD-9ED6-86875A17BCE6}
		{CF2A217A-CDE5-47C3-9B1B-AE823D03C4AD} = {F3F44B11-A3C9-4480-B4DF-A0B88DF1DFB0}
		{99D291B3-09A7-46C0-81FD-907A539E6A07} = {F3F44B11-A3C9-4480-B4DF-A0B88DF1DFB0}
		{E63AA8D4-3805-42A7-83F3-985C3CF31A18} = {F3F44B11-A3C9-4480-B4DF-A0B88DF1DFB0}
		{96F9608F-5469-4D60-9B02-007E7D957AED} = {A11A379F-C95D-4E11-96BB-E9BEA157AB52}
		{82918AB4-BB27-4B16-B60D-8DD0481F83A4} = {A11A379F-C95D-4E11-96BB-E9BEA157AB52}
		{AA7350E1-D6FE-44E0-B5A8-089FBB141F5C} = {A11A379F-C95D-4E11-96BB-E9BEA157AB52}
		{10F118FE-D65D-47B5-821E-039604E82CCC} = {FEE360C6-B81E-4F6F-879E-BC438C2A606E}
		{278067B0-A625-48F0-A3F9-F01A1185BD99} = {FEE360C6-B81E-4F6F-879E-BC438C2A606E}
		{562593D5-78F5-44FF-A60C-2AB83CBC82D1} = {FEE360C6-B81E-4F6F-879E-BC438C2A606E}
		{804327D8-7922-4CF9-815B-2C1C53DA97BB} = {33105D73-0091-45AC-944E-510BFC44630C}
		{B16DF256-4064-4CFE-B142-76B666EAD55B} = {33105D73-0091-45AC-944E-510BFC44630C}
		{66B2D268-0E12-4642-ADDD-2E636E949149} = {33105D73-0091-45AC-944E-510BFC44630C}
		{E4191850-E23D-4301-8085-C2CB89A6C67B} = {D92F71EB-6010-4F3F-B357-0C091C7198C2}
		{808FF995-99D8-40C3-BE64-E4AC5FEDBDF8} = {D92F71EB-6010-4F3F-B357-0C091C7198C2}
		{7AAFCCAD-71C3-4E6E-92F8-AF232029F7A0} = {D92F71EB-6010-4F3F-B357-0C091C7198C2}
		{9E9681F0-893B-4B56-9D0B-CA307BDD0897} = {47172D5F-39F0-4644-9EC5-FBDAC81273F1}
		{AA02BBBF-EE08-4417-9331-D15B16528A8D} = {47172D5F-39F0-4644-9EC5-FBDAC81273F1}
		{A063F4D2-40C7-42A9-8887-73DA1C9CEB8A} = {47172D5F-39F0-4644-9EC5-FBDAC81273F1}
		{9300755F-7263-45C4-897B-30E20111EC7B} = {56B1396A-86B7-44A3-B210-F9CAC66136F5}
		{43D5FB1A-25E5-4475-B7F9-8EAFAFEBD992} = {56B1396A-86B7-44A3-B210-F9CAC66136F5}
		{98089948-AA88-48CA-B518-48A2A3BC13BA} = {56B1396A-86B7-44A3-B210-F9CAC66136F5}
		{8313E361-2D44-46DF-90E9-5639EF7C2803} = {3F45A941-CF53-4551-9FE6-EAF06BF5CD2B}
		{FC68C892-43E8-4464-A097-FBBC93BCE371} = {3F45A941-CF53-4551-9FE6-EAF06BF5CD2B}
		{2F60A451-16B0-41F2-AAF7-6FD7111716A1} = {3F45A941-CF53-4551-9FE6-EAF06BF5CD2B}
		{635403AC-C803-4084-95E4-9756100AD435} = {B2ECDC88-A94E-4162-8511-999EF6DE91E7}
		{425A944B-5AB1-4271-A1E3-33B05C88A720} = {B2ECDC88-A94E-4162-8511-999EF6DE91E7}
		{4A369413-9816-4CD0-AAB5-5C3BD5D507A4} = {B2ECDC88-A94E-4162-8511-999EF6DE91E7}
		{E4AAD67E-D9F6-4124-8B5F-FDFB69B5FA5C} = {669C417E-72D2-46F5-BCD9-216AB3D17CC9}
		{0B1C7C1F-0B97-4DF7-B21D-04BE2C0D99E7} = {669C417E-72D2-46F5-BCD9-216AB3D17CC9}
		{65DED109-21E4-48B6-BDC4-FAA188EF621D} = {669C417E-72D2-46F5-BCD9-216AB3D17CC9}
	EndGlobalSection
EndGlobal
